{
  "version": 4,
  "terraform_version": "1.8.5",
  "serial": 176,
  "lineage": "7c3eb9ef-b191-0fb4-3801-913914afebc1",
  "outputs": {
    "dns_name": {
      "value": "tf-vm-wordpress.northeurope.cloudapp.azure.com",
      "type": "string"
    },
    "public_ip": {
      "value": "13.79.220.31",
      "type": "string"
    },
    "resource_group_name": {
      "value": "TF-RG",
      "type": "string"
    },
    "vm_public_ip_address": {
      "value": "13.79.220.31",
      "type": "string"
    }
  },
  "resources": [
    {
      "mode": "managed",
      "type": "azurerm_linux_virtual_machine",
      "name": "terraform_vm",
      "provider": "provider[\"registry.terraform.io/hashicorp/azurerm\"]",
      "instances": [
        {
          "schema_version": 0,
          "attributes": {
            "additional_capabilities": [],
            "admin_password": null,
            "admin_ssh_key": [
              {
                "public_key": "ssh-rsa AAAAB3NzaC1yc2EAAAADAQABAAACAQDpiL6fIirIWSN0bgnKZxNq7gHntv46an9fUpUOI1xesJTfuFJ4mE2Z9jJ9vlM/b26bgsbgHmkAIC9Vq2RJ1igZa27WPHihUpMftm2dTHeKJwfnJnsyzkby7dGTvnB8xV4Hcj0CXMGiSH1LZoj2ytaOu8UDEU6lw94QdzvyJ9MrE7LFxm2d9hQdXbfamque6p/ZR+AmajXM9hPJuYuuivFS8lfIsFDbYGSLVvYnWCHZRmWXWxA+vudgfhin7o2YMM5eUFMCtC9I+GLUKSkMWJHlFTzwwKwLup+21T9Pqc2VWUjVcvb/yucii2+QxMfbeYQTT3ELW6W05iwrelKcW4NFlw9wrwA0aQc3iV7FkH5x1tazXS5wNn3swEtUAbdgIwqAFBTtQTuSHwaMgk8nb+mSCLJCz6qIPR7kss6mAjwgfXE/S3ipQ5egcsg0euX0InaPbE0NsiRwt/GIhdMSypasJfJ8Zgwjd4p+6raJqqvviQbf0bSuMA8reBdeS+Eei7N3g85DXjCtNljfuxjz79xvb7ELm8zhn0V94tBen3R7/uTQKubPQIyyWcus/pRMIDtrwltIxljXnPIPMJjPAUi37GP1NlbxqmmLcCukpN+JZKIUm43Wnd5yxaA+kiedigF/xYPtZuXNTSkZFrO5BbQZNKO84vGyk4ocIY0enYXpWQ==\n",
                "username": "biem"
              }
            ],
            "admin_username": "biem",
            "allow_extension_operations": true,
            "availability_set_id": "",
            "boot_diagnostics": [],
            "bypass_platform_safety_checks_on_user_schedule_enabled": false,
            "capacity_reservation_group_id": "",
            "computer_name": "tf-vm-wordpress",
            "custom_data": "IyEvYmluL3NoCgojIFVwZGF0ZSB0aGUgcGFja2FnZSBtYW5hZ2VyCnN1ZG8gYXB0IHVwZGF0ZSAteQoKIyBJbnN0YWxsIE5naW54CnN1ZG8gYXB0IGluc3RhbGwgbmdpbnggLXkKCiMgSW5zdGFsbCBQSFAgYW5kIG5lY2Vzc2FyeSBlZXh0ZW5zaW9ucwpzdWRvIGFwdCBpbnN0YWxsIHBocDguMS1mcG0gcGhwLW15c3FsIHBocC1jdXJsIHBocC1nZCBwaHAtaW50bCBwaHAtbWJzdHJpbmcgcGhwLXNvYXAgcGhwLXhtbCBwaHAtIHhtbHJwYyBwaHAtemlwCgojIFN0YXJ0IGFuZCBlbmFibGUgcGhwLWZwbSBzZXJ2aWNlCnN1ZG8gc3lzdGVtY3RsIHN0YXJ0IHBocDguMS1mcG0Kc3VkbyBzeXN0ZW1jdGwgZW5hYmxlIHBocDguMS1mcG0KCiMgSW5zdGFsbCBNeVNxbCBjbGllbnQgdG8gaW50ZXJhY3Qgd2l0aCBBenVyZSBEQgpzdWRvIGFwdCBpbnN0YWxsIG15c3FsLWNsaWVudCAteQoKIyBFbnRlciB0aGUgd2Vic2l0ZSdzIGRpcmVjdG9yeQpjZCAvdmFyL3d3dy9odG1sCgojIEluc3RhbGwgd2dldCBwYWNrYWdlCiNzdWRvIHl1bSBpbnN0YWxsIC15IHdnZXQKIyBGZXRjaCB0aGUgbGF0ZXN0IFdvcmRQcmVzcyBwYWNrYWdlCnN1ZG8gd2dldCBodHRwczovL3dvcmRwcmVzcy5vcmcvbGF0ZXN0LnRhci5negoKIyBVbnBhY2sgdGhlIG1hZ2ljCnN1ZG8gdGFyIC14enZmIGxhdGVzdC50YXIuZ3oKCiMgUmVuYW1lIHRoZSBXb3JkUHJlc3MgZGlyZWN0b3J5IGZvciBzaW1wbGljaXR5CnN1ZG8gbXYgd29yZHByZXNzIHdvcmRwcmVzcy10Zi5jb20KCiMgQWRqdXN0IHBlcm1pc3Npb25zIGFuZCBvd25lcnNoaXAKc3VkbyBjaG93biAtUiB3d3ctZGF0YTp3d3ctZGF0YSB3b3JkcHJlc3MtdGYuY29tCgojIENoYW5nZSBkaXJlY3RvcnkgdG8gcmVuYW1lZCB3cCBkaXJlY2F0b3J5IGFuZCBjcmVhdGUgY29weSBvZiBkZWZhdWx0IGNvbmZpZyBmaWxlCmNkIHdvcmRwcmVzcy10Zi5jb20KY3Agd3AtY29uZmlnLXNhbXBsZS5waHAgd3AtY29uZmlnLnBocAoKIyBEeW5hbWljYWxseSBhZGp1c3QgZGF0YWJhc2UgY29ubmVjdGlvbiBzdHJpbmdzCmNhdCA8PCAnRU9GJyA+IC92YXIvd3d3L2h0bWwvd29yZHByZXNzLXRmLmNvbS93cC1jb25maWcucGhwCiR7bG9jYWwud3BfY29uZmlnfQpFT0YKI3N1ZG8gc2VkIC1pICJzL2RhdGFiYXNlX25hbWVfaGVyZS90Zi1teXNxbC1mbGV4aWJsZS1kYi8iIHdwLWNvbmZpZy5waHAKI3N1ZG8gc2VkIC1pICJzL3VzZXJuYW1lX2hlcmUvc2VydmVyX2FkbWluLyIgd3AtY29uZmlnLnBocAojc3VkbyBzZWQgLWkgInMvcGFzc3dvcmRfaGVyZS8qTWFyeWFtYmVsbG8wOSovIiB3cC1jb25maWcucGhwCiNzdWRvIHNlZCAtaSAicy9sb2NhbGhvc3QvdGYtbXlzcWwtZmxleGlibGUtc2VydmVyLnByaXZhdGUubXlzcWwuZGF0YWJhc2UuYXp1cmUuY29tLyIgd3AtY29uZmlnLnBocAoKIyBTZXQgdXAgTmdpbnggc2VydmVyIGJsb2NrIGZvciBXb3JkUHJlc3MKY2F0ID4gL2V0Yy9uZ2lueC9zaXRlcy1hdmFpbGFibGUvd29yZHByZXNzLXRmIDw8ICdFT0YnCnNlcnZlciB7CiAgICAgICBsaXN0ZW4gODA7CiAgICAgICBsaXN0ZW4gWzo6XTo4MDsKCiAgICAgICBzZXJ2ZXJfbmFtZSB0Zi1henVyZS12bS5ub3J0aGV1cm9wZS5jbG91ZGFwcC5henVyZS5jb207CgogICAgICAgcm9vdCAvdmFyL3d3dy9odG1sL3dvcmRwcmVzcy10Zi5jb207CiAgICAgICBpbmRleCBpbmRleC5waHAgaW5kZXguaHRtbDsKCiAgICAgICBsb2NhdGlvbiAvIHsKICAgICAgICAgICAgICAgdHJ5X2ZpbGVzICR1cmkgJHVyaS8gPTQwNDsKICAgICAgIH0KfQpFT0YKCmxuIC1zIC9ldGMvbmdpbngvc2l0ZXMtYXZhaWxhYmxlL3dvcmRwcmVzcy10ZiAvZXRjL25naW54L3NpdGVzLWVuYWJsZWQvCnJtIC9ldGMvbmdpbngvc2l0ZXMtZW5hYmxlZC9kZWZhdWx0CgojIFJlc3RhcnQgYXBhY2hlIHNlcnZlcgpzdWRvIHN5c3RlbWN0bCByZXN0YXJ0IG5naW54Cgo=",
            "dedicated_host_group_id": "",
            "dedicated_host_id": "",
            "disable_password_authentication": true,
            "disk_controller_type": "SCSI",
            "edge_zone": "",
            "encryption_at_host_enabled": false,
            "eviction_policy": "",
            "extensions_time_budget": "PT1H30M",
            "gallery_application": [],
            "id": "/subscriptions/545f15bc-89a7-4d92-8c7f-5e8bd37b3d0d/resourceGroups/TF-RG/providers/Microsoft.Compute/virtualMachines/tf-vm-wordpress",
            "identity": [],
            "license_type": "",
            "location": "northeurope",
            "max_bid_price": -1,
            "name": "tf-vm-wordpress",
            "network_interface_ids": [
              "/subscriptions/545f15bc-89a7-4d92-8c7f-5e8bd37b3d0d/resourceGroups/TF-RG/providers/Microsoft.Network/networkInterfaces/tfNIC"
            ],
            "os_disk": [
              {
                "caching": "ReadWrite",
                "diff_disk_settings": [],
                "disk_encryption_set_id": "",
                "disk_size_gb": 30,
                "name": "tfOsDisk",
                "secure_vm_disk_encryption_set_id": "",
                "security_encryption_type": "",
                "storage_account_type": "Standard_LRS",
                "write_accelerator_enabled": false
              }
            ],
            "os_image_notification": [],
            "patch_assessment_mode": "ImageDefault",
            "patch_mode": "ImageDefault",
            "plan": [],
            "platform_fault_domain": -1,
            "priority": "Regular",
            "private_ip_address": "10.0.3.4",
            "private_ip_addresses": [
              "10.0.3.4"
            ],
            "provision_vm_agent": true,
            "proximity_placement_group_id": "",
            "public_ip_address": "13.79.220.31",
            "public_ip_addresses": [
              "13.79.220.31"
            ],
            "reboot_setting": "",
            "resource_group_name": "TF-RG",
            "secret": [],
            "secure_boot_enabled": false,
            "size": "Standard_DS1_v2",
            "source_image_id": "",
            "source_image_reference": [
              {
                "offer": "0001-com-ubuntu-server-jammy",
                "publisher": "Canonical",
                "sku": "22_04-lts-gen2",
                "version": "latest"
              }
            ],
            "tags": {},
            "termination_notification": [],
            "timeouts": null,
            "user_data": "",
            "virtual_machine_id": "36ce5701-2cf6-4153-957c-4dabc783e489",
            "virtual_machine_scale_set_id": "",
            "vm_agent_platform_updates_enabled": false,
            "vtpm_enabled": false,
            "zone": ""
          },
          "sensitive_attributes": [
            [
              {
                "type": "get_attr",
                "value": "admin_password"
              }
            ],
            [
              {
                "type": "get_attr",
                "value": "custom_data"
              }
            ]
          ],
          "private": "eyJlMmJmYjczMC1lY2FhLTExZTYtOGY4OC0zNDM2M2JjN2M0YzAiOnsiY3JlYXRlIjoyNzAwMDAwMDAwMDAwLCJkZWxldGUiOjI3MDAwMDAwMDAwMDAsInJlYWQiOjMwMDAwMDAwMDAwMCwidXBkYXRlIjoyNzAwMDAwMDAwMDAwfX0=",
          "dependencies": [
            "azurerm_network_interface.terraform_nic",
            "azurerm_public_ip.terraform_public_ip",
            "azurerm_resource_group.rg",
            "azurerm_subnet.terraform_public_subnet",
            "azurerm_virtual_network.terraform_vnet",
            "tls_private_key.ssh_key"
          ]
        }
      ]
    },
    {
      "mode": "managed",
      "type": "azurerm_mysql_flexible_server",
      "name": "tf_flexible_server",
      "provider": "provider[\"registry.terraform.io/hashicorp/azurerm\"]",
      "instances": [
        {
          "schema_version": 0,
          "attributes": {
            "administrator_login": "server_admin",
            "administrator_password": "*Maryambello09*",
            "backup_retention_days": 7,
            "create_mode": null,
            "customer_managed_key": [],
            "delegated_subnet_id": "/subscriptions/545f15bc-89a7-4d92-8c7f-5e8bd37b3d0d/resourceGroups/TF-RG/providers/Microsoft.Network/virtualNetworks/tfVnet/subnets/tfSubnetPrivate",
            "fqdn": "tf-mysql-flexible-server.mysql.database.azure.com",
            "geo_redundant_backup_enabled": false,
            "high_availability": [],
            "id": "/subscriptions/545f15bc-89a7-4d92-8c7f-5e8bd37b3d0d/resourceGroups/TF-RG/providers/Microsoft.DBforMySQL/flexibleServers/tf-mysql-flexible-server",
            "identity": [],
            "location": "northeurope",
            "maintenance_window": [],
            "name": "tf-mysql-flexible-server",
            "point_in_time_restore_time_in_utc": null,
            "private_dns_zone_id": "/subscriptions/545f15bc-89a7-4d92-8c7f-5e8bd37b3d0d/resourceGroups/TF-RG/providers/Microsoft.Network/privateDnsZones/private.mysql.database.azure.com",
            "public_network_access_enabled": false,
            "replica_capacity": 10,
            "replication_role": "None",
            "resource_group_name": "TF-RG",
            "sku_name": "B_Standard_B1s",
            "source_server_id": null,
            "storage": [
              {
                "auto_grow_enabled": true,
                "io_scaling_enabled": false,
                "iops": 360,
                "size_gb": 20
              }
            ],
            "tags": {},
            "timeouts": null,
            "version": "5.7",
            "zone": "3"
          },
          "sensitive_attributes": [
            [
              {
                "type": "get_attr",
                "value": "administrator_password"
              }
            ]
          ],
          "private": "eyJlMmJmYjczMC1lY2FhLTExZTYtOGY4OC0zNDM2M2JjN2M0YzAiOnsiY3JlYXRlIjozNjAwMDAwMDAwMDAwLCJkZWxldGUiOjM2MDAwMDAwMDAwMDAsInJlYWQiOjMwMDAwMDAwMDAwMCwidXBkYXRlIjozNjAwMDAwMDAwMDAwfX0=",
          "dependencies": [
            "azurerm_private_dns_zone.tf_dns_zone",
            "azurerm_private_dns_zone_virtual_network_link.vnet_link",
            "azurerm_resource_group.rg",
            "azurerm_subnet.terraform_private_subnet",
            "azurerm_virtual_network.terraform_vnet"
          ]
        }
      ]
    },
    {
      "mode": "managed",
      "type": "azurerm_network_interface",
      "name": "terraform_nic",
      "provider": "provider[\"registry.terraform.io/hashicorp/azurerm\"]",
      "instances": [
        {
          "schema_version": 0,
          "attributes": {
            "applied_dns_servers": [],
            "auxiliary_mode": "",
            "auxiliary_sku": "",
            "dns_servers": [],
            "edge_zone": "",
            "enable_accelerated_networking": false,
            "enable_ip_forwarding": false,
            "id": "/subscriptions/545f15bc-89a7-4d92-8c7f-5e8bd37b3d0d/resourceGroups/TF-RG/providers/Microsoft.Network/networkInterfaces/tfNIC",
            "internal_dns_name_label": "",
            "internal_domain_name_suffix": "qqx1ofcufmzurc3zadk2qujvyf.fx.internal.cloudapp.net",
            "ip_configuration": [
              {
                "gateway_load_balancer_frontend_ip_configuration_id": "",
                "name": "tf_nic_configuration",
                "primary": true,
                "private_ip_address": "10.0.3.4",
                "private_ip_address_allocation": "Dynamic",
                "private_ip_address_version": "IPv4",
                "public_ip_address_id": "/subscriptions/545f15bc-89a7-4d92-8c7f-5e8bd37b3d0d/resourceGroups/TF-RG/providers/Microsoft.Network/publicIPAddresses/tfPublicIP",
                "subnet_id": "/subscriptions/545f15bc-89a7-4d92-8c7f-5e8bd37b3d0d/resourceGroups/TF-RG/providers/Microsoft.Network/virtualNetworks/tfVnet/subnets/tfSubnetPublic"
              }
            ],
            "location": "northeurope",
            "mac_address": "00-22-48-A3-42-E9",
            "name": "tfNIC",
            "private_ip_address": "10.0.3.4",
            "private_ip_addresses": [
              "10.0.3.4"
            ],
            "resource_group_name": "TF-RG",
            "tags": {},
            "timeouts": null,
            "virtual_machine_id": "/subscriptions/545f15bc-89a7-4d92-8c7f-5e8bd37b3d0d/resourceGroups/TF-RG/providers/Microsoft.Compute/virtualMachines/tf-vm-wordpress"
          },
          "sensitive_attributes": [],
          "private": "eyJlMmJmYjczMC1lY2FhLTExZTYtOGY4OC0zNDM2M2JjN2M0YzAiOnsiY3JlYXRlIjoxODAwMDAwMDAwMDAwLCJkZWxldGUiOjE4MDAwMDAwMDAwMDAsInJlYWQiOjMwMDAwMDAwMDAwMCwidXBkYXRlIjoxODAwMDAwMDAwMDAwfX0=",
          "dependencies": [
            "azurerm_public_ip.terraform_public_ip",
            "azurerm_resource_group.rg",
            "azurerm_subnet.terraform_public_subnet",
            "azurerm_virtual_network.terraform_vnet"
          ]
        }
      ]
    },
    {
      "mode": "managed",
      "type": "azurerm_network_interface_security_group_association",
      "name": "vm_nsg_assoc",
      "provider": "provider[\"registry.terraform.io/hashicorp/azurerm\"]",
      "instances": [
        {
          "schema_version": 0,
          "attributes": {
            "id": "/subscriptions/545f15bc-89a7-4d92-8c7f-5e8bd37b3d0d/resourceGroups/TF-RG/providers/Microsoft.Network/networkInterfaces/tfNIC|/subscriptions/545f15bc-89a7-4d92-8c7f-5e8bd37b3d0d/resourceGroups/TF-RG/providers/Microsoft.Network/networkSecurityGroups/tfNetworkSecurityGroup",
            "network_interface_id": "/subscriptions/545f15bc-89a7-4d92-8c7f-5e8bd37b3d0d/resourceGroups/TF-RG/providers/Microsoft.Network/networkInterfaces/tfNIC",
            "network_security_group_id": "/subscriptions/545f15bc-89a7-4d92-8c7f-5e8bd37b3d0d/resourceGroups/TF-RG/providers/Microsoft.Network/networkSecurityGroups/tfNetworkSecurityGroup",
            "timeouts": null
          },
          "sensitive_attributes": [],
          "private": "eyJlMmJmYjczMC1lY2FhLTExZTYtOGY4OC0zNDM2M2JjN2M0YzAiOnsiY3JlYXRlIjoxODAwMDAwMDAwMDAwLCJkZWxldGUiOjE4MDAwMDAwMDAwMDAsInJlYWQiOjMwMDAwMDAwMDAwMH19",
          "dependencies": [
            "azurerm_network_interface.terraform_nic",
            "azurerm_network_security_group.terraform_nsg",
            "azurerm_public_ip.terraform_public_ip",
            "azurerm_resource_group.rg",
            "azurerm_subnet.terraform_public_subnet",
            "azurerm_virtual_network.terraform_vnet"
          ]
        }
      ]
    },
    {
      "mode": "managed",
      "type": "azurerm_network_security_group",
      "name": "terraform_nsg",
      "provider": "provider[\"registry.terraform.io/hashicorp/azurerm\"]",
      "instances": [
        {
          "schema_version": 0,
          "attributes": {
            "id": "/subscriptions/545f15bc-89a7-4d92-8c7f-5e8bd37b3d0d/resourceGroups/TF-RG/providers/Microsoft.Network/networkSecurityGroups/tfNetworkSecurityGroup",
            "location": "northeurope",
            "name": "tfNetworkSecurityGroup",
            "resource_group_name": "TF-RG",
            "security_rule": [
              {
                "access": "Allow",
                "description": "",
                "destination_address_prefix": "*",
                "destination_address_prefixes": [],
                "destination_application_security_group_ids": [],
                "destination_port_range": "22",
                "destination_port_ranges": [],
                "direction": "Inbound",
                "name": "SSH",
                "priority": 100,
                "protocol": "Tcp",
                "source_address_prefix": "*",
                "source_address_prefixes": [],
                "source_application_security_group_ids": [],
                "source_port_range": "*",
                "source_port_ranges": []
              },
              {
                "access": "Allow",
                "description": "",
                "destination_address_prefix": "10.0.3.0/24",
                "destination_address_prefixes": [],
                "destination_application_security_group_ids": [],
                "destination_port_range": "80",
                "destination_port_ranges": [],
                "direction": "Inbound",
                "name": "AllowInternetTraffic",
                "priority": 101,
                "protocol": "Tcp",
                "source_address_prefix": "*",
                "source_address_prefixes": [],
                "source_application_security_group_ids": [],
                "source_port_range": "*",
                "source_port_ranges": []
              },
              {
                "access": "Allow",
                "description": "",
                "destination_address_prefix": "10.0.5.0/24",
                "destination_address_prefixes": [],
                "destination_application_security_group_ids": [],
                "destination_port_range": "3306",
                "destination_port_ranges": [],
                "direction": "Inbound",
                "name": "AllowMySQLAccess",
                "priority": 102,
                "protocol": "Tcp",
                "source_address_prefix": "10.0.3.0/24",
                "source_address_prefixes": [],
                "source_application_security_group_ids": [],
                "source_port_range": "*",
                "source_port_ranges": []
              }
            ],
            "tags": {},
            "timeouts": null
          },
          "sensitive_attributes": [],
          "private": "eyJlMmJmYjczMC1lY2FhLTExZTYtOGY4OC0zNDM2M2JjN2M0YzAiOnsiY3JlYXRlIjoxODAwMDAwMDAwMDAwLCJkZWxldGUiOjE4MDAwMDAwMDAwMDAsInJlYWQiOjMwMDAwMDAwMDAwMCwidXBkYXRlIjoxODAwMDAwMDAwMDAwfX0=",
          "dependencies": [
            "azurerm_resource_group.rg"
          ]
        }
      ]
    },
    {
      "mode": "managed",
      "type": "azurerm_private_dns_zone",
      "name": "tf_dns_zone",
      "provider": "provider[\"registry.terraform.io/hashicorp/azurerm\"]",
      "instances": [
        {
          "schema_version": 0,
          "attributes": {
            "id": "/subscriptions/545f15bc-89a7-4d92-8c7f-5e8bd37b3d0d/resourceGroups/TF-RG/providers/Microsoft.Network/privateDnsZones/private.mysql.database.azure.com",
            "max_number_of_record_sets": 25000,
            "max_number_of_virtual_network_links": 1000,
            "max_number_of_virtual_network_links_with_registration": 100,
            "name": "private.mysql.database.azure.com",
            "number_of_record_sets": 2,
            "resource_group_name": "TF-RG",
            "soa_record": [
              {
                "email": "azureprivatedns-host.microsoft.com",
                "expire_time": 2419200,
                "fqdn": "private.mysql.database.azure.com.",
                "host_name": "azureprivatedns.net",
                "minimum_ttl": 10,
                "refresh_time": 3600,
                "retry_time": 300,
                "serial_number": 1,
                "tags": {},
                "ttl": 3600
              }
            ],
            "tags": {},
            "timeouts": null
          },
          "sensitive_attributes": [],
          "private": "eyJlMmJmYjczMC1lY2FhLTExZTYtOGY4OC0zNDM2M2JjN2M0YzAiOnsiY3JlYXRlIjoxODAwMDAwMDAwMDAwLCJkZWxldGUiOjE4MDAwMDAwMDAwMDAsInJlYWQiOjMwMDAwMDAwMDAwMCwidXBkYXRlIjoxODAwMDAwMDAwMDAwfX0=",
          "dependencies": [
            "azurerm_resource_group.rg"
          ]
        }
      ]
    },
    {
      "mode": "managed",
      "type": "azurerm_private_dns_zone_virtual_network_link",
      "name": "vnet_link",
      "provider": "provider[\"registry.terraform.io/hashicorp/azurerm\"]",
      "instances": [
        {
          "schema_version": 0,
          "attributes": {
            "id": "/subscriptions/545f15bc-89a7-4d92-8c7f-5e8bd37b3d0d/resourceGroups/TF-RG/providers/Microsoft.Network/privateDnsZones/private.mysql.database.azure.com/virtualNetworkLinks/tf-vnet-link",
            "name": "tf-vnet-link",
            "private_dns_zone_name": "private.mysql.database.azure.com",
            "registration_enabled": false,
            "resource_group_name": "TF-RG",
            "tags": {},
            "timeouts": null,
            "virtual_network_id": "/subscriptions/545f15bc-89a7-4d92-8c7f-5e8bd37b3d0d/resourceGroups/TF-RG/providers/Microsoft.Network/virtualNetworks/tfVnet"
          },
          "sensitive_attributes": [],
          "private": "eyJlMmJmYjczMC1lY2FhLTExZTYtOGY4OC0zNDM2M2JjN2M0YzAiOnsiY3JlYXRlIjoxODAwMDAwMDAwMDAwLCJkZWxldGUiOjE4MDAwMDAwMDAwMDAsInJlYWQiOjMwMDAwMDAwMDAwMCwidXBkYXRlIjoxODAwMDAwMDAwMDAwfX0=",
          "dependencies": [
            "azurerm_private_dns_zone.tf_dns_zone",
            "azurerm_resource_group.rg",
            "azurerm_virtual_network.terraform_vnet"
          ]
        }
      ]
    },
    {
      "mode": "managed",
      "type": "azurerm_public_ip",
      "name": "terraform_public_ip",
      "provider": "provider[\"registry.terraform.io/hashicorp/azurerm\"]",
      "instances": [
        {
          "schema_version": 0,
          "attributes": {
            "allocation_method": "Dynamic",
            "ddos_protection_mode": "VirtualNetworkInherited",
            "ddos_protection_plan_id": null,
            "domain_name_label": "tf-vm-wordpress",
            "edge_zone": "",
            "fqdn": "tf-vm-wordpress.northeurope.cloudapp.azure.com",
            "id": "/subscriptions/545f15bc-89a7-4d92-8c7f-5e8bd37b3d0d/resourceGroups/TF-RG/providers/Microsoft.Network/publicIPAddresses/tfPublicIP",
            "idle_timeout_in_minutes": 4,
            "ip_address": "13.79.220.31",
            "ip_tags": {},
            "ip_version": "IPv4",
            "location": "northeurope",
            "name": "tfPublicIP",
            "public_ip_prefix_id": null,
            "resource_group_name": "TF-RG",
            "reverse_fqdn": "",
            "sku": "Basic",
            "sku_tier": "Regional",
            "tags": {},
            "timeouts": null,
            "zones": []
          },
          "sensitive_attributes": [],
          "private": "eyJlMmJmYjczMC1lY2FhLTExZTYtOGY4OC0zNDM2M2JjN2M0YzAiOnsiY3JlYXRlIjoxODAwMDAwMDAwMDAwLCJkZWxldGUiOjE4MDAwMDAwMDAwMDAsInJlYWQiOjMwMDAwMDAwMDAwMCwidXBkYXRlIjoxODAwMDAwMDAwMDAwfX0=",
          "dependencies": [
            "azurerm_resource_group.rg"
          ]
        }
      ]
    },
    {
      "mode": "managed",
      "type": "azurerm_resource_group",
      "name": "rg",
      "provider": "provider[\"registry.terraform.io/hashicorp/azurerm\"]",
      "instances": [
        {
          "schema_version": 0,
          "attributes": {
            "id": "/subscriptions/545f15bc-89a7-4d92-8c7f-5e8bd37b3d0d/resourceGroups/TF-RG",
            "location": "northeurope",
            "managed_by": "",
            "name": "TF-RG",
            "tags": {},
            "timeouts": null
          },
          "sensitive_attributes": [],
          "private": "eyJlMmJmYjczMC1lY2FhLTExZTYtOGY4OC0zNDM2M2JjN2M0YzAiOnsiY3JlYXRlIjo1NDAwMDAwMDAwMDAwLCJkZWxldGUiOjU0MDAwMDAwMDAwMDAsInJlYWQiOjMwMDAwMDAwMDAwMCwidXBkYXRlIjo1NDAwMDAwMDAwMDAwfX0="
        }
      ]
    },
    {
      "mode": "managed",
      "type": "azurerm_subnet",
      "name": "terraform_private_subnet",
      "provider": "provider[\"registry.terraform.io/hashicorp/azurerm\"]",
      "instances": [
        {
          "schema_version": 0,
          "attributes": {
            "address_prefixes": [
              "10.0.5.0/24"
            ],
            "default_outbound_access_enabled": true,
            "delegation": [
              {
                "name": "fs",
                "service_delegation": [
                  {
                    "actions": [
                      "Microsoft.Network/virtualNetworks/subnets/join/action"
                    ],
                    "name": "Microsoft.DBforMySQL/flexibleServers"
                  }
                ]
              }
            ],
            "enforce_private_link_endpoint_network_policies": false,
            "enforce_private_link_service_network_policies": false,
            "id": "/subscriptions/545f15bc-89a7-4d92-8c7f-5e8bd37b3d0d/resourceGroups/TF-RG/providers/Microsoft.Network/virtualNetworks/tfVnet/subnets/tfSubnetPrivate",
            "name": "tfSubnetPrivate",
            "private_endpoint_network_policies": "Enabled",
            "private_endpoint_network_policies_enabled": true,
            "private_link_service_network_policies_enabled": true,
            "resource_group_name": "TF-RG",
            "service_endpoint_policy_ids": [],
            "service_endpoints": [
              "Microsoft.Storage"
            ],
            "timeouts": null,
            "virtual_network_name": "tfVnet"
          },
          "sensitive_attributes": [],
          "private": "eyJlMmJmYjczMC1lY2FhLTExZTYtOGY4OC0zNDM2M2JjN2M0YzAiOnsiY3JlYXRlIjoxODAwMDAwMDAwMDAwLCJkZWxldGUiOjE4MDAwMDAwMDAwMDAsInJlYWQiOjMwMDAwMDAwMDAwMCwidXBkYXRlIjoxODAwMDAwMDAwMDAwfX0=",
          "dependencies": [
            "azurerm_resource_group.rg",
            "azurerm_virtual_network.terraform_vnet"
          ]
        }
      ]
    },
    {
      "mode": "managed",
      "type": "azurerm_subnet",
      "name": "terraform_public_subnet",
      "provider": "provider[\"registry.terraform.io/hashicorp/azurerm\"]",
      "instances": [
        {
          "schema_version": 0,
          "attributes": {
            "address_prefixes": [
              "10.0.3.0/24"
            ],
            "default_outbound_access_enabled": true,
            "delegation": [],
            "enforce_private_link_endpoint_network_policies": false,
            "enforce_private_link_service_network_policies": false,
            "id": "/subscriptions/545f15bc-89a7-4d92-8c7f-5e8bd37b3d0d/resourceGroups/TF-RG/providers/Microsoft.Network/virtualNetworks/tfVnet/subnets/tfSubnetPublic",
            "name": "tfSubnetPublic",
            "private_endpoint_network_policies": "Enabled",
            "private_endpoint_network_policies_enabled": true,
            "private_link_service_network_policies_enabled": true,
            "resource_group_name": "TF-RG",
            "service_endpoint_policy_ids": [],
            "service_endpoints": [],
            "timeouts": null,
            "virtual_network_name": "tfVnet"
          },
          "sensitive_attributes": [],
          "private": "eyJlMmJmYjczMC1lY2FhLTExZTYtOGY4OC0zNDM2M2JjN2M0YzAiOnsiY3JlYXRlIjoxODAwMDAwMDAwMDAwLCJkZWxldGUiOjE4MDAwMDAwMDAwMDAsInJlYWQiOjMwMDAwMDAwMDAwMCwidXBkYXRlIjoxODAwMDAwMDAwMDAwfX0=",
          "dependencies": [
            "azurerm_resource_group.rg",
            "azurerm_virtual_network.terraform_vnet"
          ]
        }
      ]
    },
    {
      "mode": "managed",
      "type": "azurerm_virtual_network",
      "name": "terraform_vnet",
      "provider": "provider[\"registry.terraform.io/hashicorp/azurerm\"]",
      "instances": [
        {
          "schema_version": 0,
          "attributes": {
            "address_space": [
              "10.0.0.0/16"
            ],
            "bgp_community": "",
            "ddos_protection_plan": [],
            "dns_servers": [],
            "edge_zone": "",
            "encryption": [],
            "flow_timeout_in_minutes": 0,
            "guid": "14b72f84-2b54-4833-8bb9-00d5c85135c5",
            "id": "/subscriptions/545f15bc-89a7-4d92-8c7f-5e8bd37b3d0d/resourceGroups/TF-RG/providers/Microsoft.Network/virtualNetworks/tfVnet",
            "location": "northeurope",
            "name": "tfVnet",
            "resource_group_name": "TF-RG",
            "subnet": [
              {
                "address_prefix": "10.0.3.0/24",
                "id": "/subscriptions/545f15bc-89a7-4d92-8c7f-5e8bd37b3d0d/resourceGroups/TF-RG/providers/Microsoft.Network/virtualNetworks/tfVnet/subnets/tfSubnetPublic",
                "name": "tfSubnetPublic",
                "security_group": ""
              },
              {
                "address_prefix": "10.0.5.0/24",
                "id": "/subscriptions/545f15bc-89a7-4d92-8c7f-5e8bd37b3d0d/resourceGroups/TF-RG/providers/Microsoft.Network/virtualNetworks/tfVnet/subnets/tfSubnetPrivate",
                "name": "tfSubnetPrivate",
                "security_group": ""
              }
            ],
            "tags": {},
            "timeouts": null
          },
          "sensitive_attributes": [],
          "private": "eyJlMmJmYjczMC1lY2FhLTExZTYtOGY4OC0zNDM2M2JjN2M0YzAiOnsiY3JlYXRlIjoxODAwMDAwMDAwMDAwLCJkZWxldGUiOjE4MDAwMDAwMDAwMDAsInJlYWQiOjMwMDAwMDAwMDAwMCwidXBkYXRlIjoxODAwMDAwMDAwMDAwfX0=",
          "dependencies": [
            "azurerm_resource_group.rg"
          ]
        }
      ]
    },
    {
      "mode": "managed",
      "type": "local_file",
      "name": "private_key",
      "provider": "provider[\"registry.terraform.io/hashicorp/local\"]",
      "instances": [
        {
          "schema_version": 0,
          "attributes": {
            "content": "-----BEGIN RSA PRIVATE KEY-----\nMIIJKgIBAAKCAgEA6Yi+nyIqyFkjdG4JymcTau4B57b+Omp/X1KVDiNcXrCU37hS\neJhNmfYyfb5TP29um4LG4B5pACAvVatkSdYoGWtu1jx4oVKTH7ZtnUx3iicH5yZ7\nMs5G8u3Rk75wfMVeB3I9AlzBokh9S2aI9srWjrvFAxFOpcPeEHc78ifTKxOyxcZt\nnfYUHV232pqrnuqf2UfgJmo1zPYTybmLrorxUvJXyLBQ22Bki1b2J1gh2UZll1sQ\nPr7nYH4Yp+6NmDDOXlBTArQvSPhi1CkpDFiR5RU88MCsC7qfttU/T6nNlVlI1XL2\n/8rnIotvkMTH23mEE09xC1ultOYsK3pSnFuDRZcPcK8ANGkHN4lexZB+cdbWs10u\ncDZ97MBLVAG3YCMKgBQU7UE7kh8GjIJPJ2/pkgiyQs+qiD0e5LLOpgI8IH1xP0t4\nqUOXoHLINHrl9CJ2j2xNDbIkcLfxiIXTEsqWrCXyfGYMI3eKfuq2iaqr74kG39G0\nrjAPK3gXXkvhHouzd4POQ14wrTZY37sY8+/cb2+xC5vM4Z9FfeLQXp90e/7k0Crm\nz0CMslnLrP6UTCA7a8JbSMZY15zyDzCYzwFIt+xj9TZW8appi3ArpKTfiWSiFJuN\n1p3ecsWgPpInnYoBf8WD7WblzU0pGRazuQW0GTSjvOLxspOKHCGNHp2F6VkCAwEA\nAQKCAgB8A2PGuawibEOJpo2IcCg9llpopCJo/vjYs8/3jAuXNQo5q3YQGEDNS5IQ\neCtY+mGwL0hQ55U2veClC7jcBN+ScByRo9cjQ+hg5M1cxKiOMp/dve+aUTQX+PZc\nELtHZr/CEIYZZQxmkzwF+FMvSxOZBFlggaZUHKkl8UtiEofuzi0XHYJEadLQrV3e\ntlgAsfNkvOhpPemIB/0GGIP2kk4IkCzRo9+sP4nk/K8GwaRn7xwvvenoiBPyh8Os\nGeATO4e7SchrHSgnBc/lfl4P8lC3aAnOh2JVcCs0OhW+xhsn/hvRTZWgzCzliUob\nhIPlJqheYMdVErvyTnCSPgj0gxw3qoXw/omVGUJFIPPWSPeYJtDHcEMxGgZDYfl1\nzPew5BqOLMob0eLGXzxIJnz0xlihM4cVAu+L1DPVQ5LcOQN1Uqouy1emw/zG8n8N\nTyHhQ/buFHlKzdcZkYnlK/GT3fOs3CboMok1HcWQgj/STXkyUdyH4AhS/5zVKVGK\nUkbvsW3Zqlj3kW6dOxVL6leIVhLuJtC7uD6kZrm2mSWhylLcrGIVtr904zCdUetz\n4N9t6NC6/05nc89uVcUb+9WDTnY0zt0MWotoHg7+Hwy97Is0v5QAKyDYK4I//Occ\nGCpkBteG1w9oUP8nerPXQP6+o4z5EvOqlnG4JVpi22WPZxwJKQKCAQEA92Ux2zWX\nxA8GQKNbsKYudAELqj3Qoop/39WY4yhiYAqqapKKmkvoh7B9ph8UBntS7YJMGMHb\ns5cxMAZyMd2fkzY5cXDlIaT0nboz/OavL2IhElv1JIkn2wJA6sy5+/FSJVCbKq+I\njw6W0m3D14narXm1RjN0/YbZfUnyOfglu/o0rGIDiEBkVBVEWPmIefbUex1zrbRL\n+3obr5saoLvnoUk2Df5qSGYS7Ab60mqmDPVgMtIFFIdvznVtfyaQvnE2tUIZsgu9\nonD3KUMs1fUUJu725rKCodV6CtSEGda6RPyzt4P91X2M5JEgnt/tqoArBnQ2zX2v\nV84dWJ8Uxbtj7wKCAQEA8aghZnL59IVVrA8dVnPCOmoYYjnznhPH6WI9TQlwR6Ue\nn239hfKtLkY/VG8TwV4RHa+wBi/JAaPCsqN7tiAqzk+q4J4xiD4P841gy1QM7ZsH\natIiBOuDLQeX1IcXW54jBpejSNtZjRbdKlVNmuiHywndhkfW/yF24DLGPWsVUfh4\nOqn7Dhte5Rl+lItL4JAVfeeYCmJYQIw+2yB4j4J93LZRYumiBL9x9yQ02uKVwhMR\n9cXbU9jkigHsHPp+2JjHbUmVyS0ZGQdN7MM155gMNS0QYk0ojXzNIVBzbppE0IEs\nR73iaaUnqhSykPC8M3CRXT5EtClrYo4Me7CYme6fNwKCAQEAuNhkavxdHAF503v7\nOz6/gK9zTs0HARtotg67QCbhcg8mC6DYbLcA07l7+E5KQRmN+aYcQ3c9N69k8hQu\n6LFF1NF0FB2dJglBOERzKagXBtlUCoqo3JaaL9o8NPOoluVVUkoq1bb32qO07x9S\nb84xlOJWHlC+Pduuzx0cHlIZp50oFBDbwMcT73tAaRZw8WgKlL6JuyT2jLxMyWWj\nfKtJQ0oXWFdahCO4SaBhcix7Sz1fljkz0IXtdR5qJNHk3lZq4P21g0GgfCnZknv9\nmROX7gsocXC5iD+gA02MMl4tKPSDN0AovYYkandBH1QDGRzQiO72L42UIJABf0DF\nXYRJAwKCAQEAvahxxkEYkWMP8QDPyqkBV+0qg/TtkTP/ItjaOZrdxyz9Uqz1W2ox\npu61B2RCAfH8xuq64LAiNqo6xQ7vqemnDtKRzsX5I+9pf4GG5S1rFBQnBxwyXOAl\nzHJ4I/F+UIZVAPiDy0t0Bfpay721MY2r/ZsZhCjfwM6XyK+wzEU9r16tpYUAp3qt\nyGpw4M5OV8ldRLo9pnC2yLoJHttmI2OLumxQhavNX6KNJCUDYoKQfIeRAe4uC6le\n/D0z/S5P3VhStCAbcY92ciE8dERlCwVXF2jtwejCmgDH0Yyde8GRnn6yrP+HMdjP\nv3mNB5oYatq/C4oyS59ySyAnBfB8Y9tWkwKCAQEA5WKOLJ+Q+NFjU1KbYMjgUnHf\nlbzZC/Y3nWncK8ibsNHvO0IdfGyginKlWATJbrMfW5YLHxzmL5Jj+gYlmhaDXL3r\nZGgcRS9MowmGGDZ0G1sbIhuPjTP2NSBWe4xNPz57cSh4gwe7XoGR6QyoNWxFdSh5\nEVrOfPWdmNOZ/XYVUpq69Q6rWg9Uiwp84dVAwi+Z8011eGstTrZCFNgFze6rJ9l2\nm67nLLDb3kIUtA0Ij7nOe/gpPwKaMS6lB6BDvtXffc9skJeB+LTLfFUUTrz/nfk0\ngGDaC/gUQomkq8zyyUbCxJyWwcLGcJcaqYSjKfKKmE851GmVDo1nQUgqaC3AxA==\n-----END RSA PRIVATE KEY-----\n",
            "content_base64": null,
            "content_base64sha256": "syC8I+hwuCE7sVnMvU5IY9VR8yRxA4PGGhamI5bbfTE=",
            "content_base64sha512": "5a39oPOrQXZ09Azhn50CJYxJgw41wvNpwWDYxRPgOsZhk6vJO4GadTMaZGN3qvOWdTZbdX2gpIpFpTheFCF62A==",
            "content_md5": "136978140022d66c3aa6e97ec93ca902",
            "content_sha1": "96ca840cc24248494afe66cbfe1c41f0556713f6",
            "content_sha256": "b320bc23e870b8213bb159ccbd4e4863d551f324710383c61a16a62396db7d31",
            "content_sha512": "e5adfda0f3ab417674f40ce19f9d02258c49830e35c2f369c160d8c513e03ac66193abc93b819a75331a646377aaf39675365b757da0a48a45a5385e14217ad8",
            "directory_permission": "0777",
            "file_permission": "0777",
            "filename": "./id_rsa.pem",
            "id": "96ca840cc24248494afe66cbfe1c41f0556713f6",
            "sensitive_content": null,
            "source": null
          },
          "sensitive_attributes": [
            [
              {
                "type": "get_attr",
                "value": "sensitive_content"
              }
            ],
            [
              {
                "type": "get_attr",
                "value": "content"
              }
            ]
          ],
          "dependencies": [
            "tls_private_key.ssh_key"
          ]
        }
      ]
    },
    {
      "mode": "managed",
      "type": "local_file",
      "name": "public_key",
      "provider": "provider[\"registry.terraform.io/hashicorp/local\"]",
      "instances": [
        {
          "schema_version": 0,
          "attributes": {
            "content": "ssh-rsa AAAAB3NzaC1yc2EAAAADAQABAAACAQDpiL6fIirIWSN0bgnKZxNq7gHntv46an9fUpUOI1xesJTfuFJ4mE2Z9jJ9vlM/b26bgsbgHmkAIC9Vq2RJ1igZa27WPHihUpMftm2dTHeKJwfnJnsyzkby7dGTvnB8xV4Hcj0CXMGiSH1LZoj2ytaOu8UDEU6lw94QdzvyJ9MrE7LFxm2d9hQdXbfamque6p/ZR+AmajXM9hPJuYuuivFS8lfIsFDbYGSLVvYnWCHZRmWXWxA+vudgfhin7o2YMM5eUFMCtC9I+GLUKSkMWJHlFTzwwKwLup+21T9Pqc2VWUjVcvb/yucii2+QxMfbeYQTT3ELW6W05iwrelKcW4NFlw9wrwA0aQc3iV7FkH5x1tazXS5wNn3swEtUAbdgIwqAFBTtQTuSHwaMgk8nb+mSCLJCz6qIPR7kss6mAjwgfXE/S3ipQ5egcsg0euX0InaPbE0NsiRwt/GIhdMSypasJfJ8Zgwjd4p+6raJqqvviQbf0bSuMA8reBdeS+Eei7N3g85DXjCtNljfuxjz79xvb7ELm8zhn0V94tBen3R7/uTQKubPQIyyWcus/pRMIDtrwltIxljXnPIPMJjPAUi37GP1NlbxqmmLcCukpN+JZKIUm43Wnd5yxaA+kiedigF/xYPtZuXNTSkZFrO5BbQZNKO84vGyk4ocIY0enYXpWQ==\n",
            "content_base64": null,
            "content_base64sha256": "TPfo4sKfilwgD/7SiytOoN8/ysdLi+pj3TyVnoGNWrY=",
            "content_base64sha512": "/zzL6FF4SoILrsoOJ2AwL+gHSotIDNGPNHHB9BRq/FhXb3DVK7cLgwcF3D08YhAD8+ccQoYITZaoU2ZAT9Z2TQ==",
            "content_md5": "93b975af47abcf60033680410776f5fa",
            "content_sha1": "a799a7f15791c6c1cee24a53779876d7711d9847",
            "content_sha256": "4cf7e8e2c29f8a5c200ffed28b2b4ea0df3fcac74b8bea63dd3c959e818d5ab6",
            "content_sha512": "ff3ccbe851784a820baeca0e2760302fe8074a8b480cd18f3471c1f4146afc58576f70d52bb70b830705dc3d3c621003f3e71c4286084d96a85366404fd6764d",
            "directory_permission": "0777",
            "file_permission": "0777",
            "filename": "./id_rsa.pub",
            "id": "a799a7f15791c6c1cee24a53779876d7711d9847",
            "sensitive_content": null,
            "source": null
          },
          "sensitive_attributes": [
            [
              {
                "type": "get_attr",
                "value": "sensitive_content"
              }
            ]
          ],
          "dependencies": [
            "tls_private_key.ssh_key"
          ]
        }
      ]
    },
    {
      "mode": "managed",
      "type": "tls_private_key",
      "name": "ssh_key",
      "provider": "provider[\"registry.terraform.io/hashicorp/tls\"]",
      "instances": [
        {
          "schema_version": 1,
          "attributes": {
            "algorithm": "RSA",
            "ecdsa_curve": "P224",
            "id": "bdec095786d793f34d62f65d5f43c0ddcb614791",
            "private_key_openssh": "-----BEGIN OPENSSH PRIVATE KEY-----\nb3BlbnNzaC1rZXktdjEAAAAABG5vbmUAAAAEbm9uZQAAAAAAAAABAAACFwAAAAdz\nc2gtcnNhAAAAAwEAAQAAAgEA6Yi+nyIqyFkjdG4JymcTau4B57b+Omp/X1KVDiNc\nXrCU37hSeJhNmfYyfb5TP29um4LG4B5pACAvVatkSdYoGWtu1jx4oVKTH7ZtnUx3\niicH5yZ7Ms5G8u3Rk75wfMVeB3I9AlzBokh9S2aI9srWjrvFAxFOpcPeEHc78ifT\nKxOyxcZtnfYUHV232pqrnuqf2UfgJmo1zPYTybmLrorxUvJXyLBQ22Bki1b2J1gh\n2UZll1sQPr7nYH4Yp+6NmDDOXlBTArQvSPhi1CkpDFiR5RU88MCsC7qfttU/T6nN\nlVlI1XL2/8rnIotvkMTH23mEE09xC1ultOYsK3pSnFuDRZcPcK8ANGkHN4lexZB+\ncdbWs10ucDZ97MBLVAG3YCMKgBQU7UE7kh8GjIJPJ2/pkgiyQs+qiD0e5LLOpgI8\nIH1xP0t4qUOXoHLINHrl9CJ2j2xNDbIkcLfxiIXTEsqWrCXyfGYMI3eKfuq2iaqr\n74kG39G0rjAPK3gXXkvhHouzd4POQ14wrTZY37sY8+/cb2+xC5vM4Z9FfeLQXp90\ne/7k0Crmz0CMslnLrP6UTCA7a8JbSMZY15zyDzCYzwFIt+xj9TZW8appi3ArpKTf\niWSiFJuN1p3ecsWgPpInnYoBf8WD7WblzU0pGRazuQW0GTSjvOLxspOKHCGNHp2F\n6VkAAAc4DrDePg6w3j4AAAAHc3NoLXJzYQAAAgEA6Yi+nyIqyFkjdG4JymcTau4B\n57b+Omp/X1KVDiNcXrCU37hSeJhNmfYyfb5TP29um4LG4B5pACAvVatkSdYoGWtu\n1jx4oVKTH7ZtnUx3iicH5yZ7Ms5G8u3Rk75wfMVeB3I9AlzBokh9S2aI9srWjrvF\nAxFOpcPeEHc78ifTKxOyxcZtnfYUHV232pqrnuqf2UfgJmo1zPYTybmLrorxUvJX\nyLBQ22Bki1b2J1gh2UZll1sQPr7nYH4Yp+6NmDDOXlBTArQvSPhi1CkpDFiR5RU8\n8MCsC7qfttU/T6nNlVlI1XL2/8rnIotvkMTH23mEE09xC1ultOYsK3pSnFuDRZcP\ncK8ANGkHN4lexZB+cdbWs10ucDZ97MBLVAG3YCMKgBQU7UE7kh8GjIJPJ2/pkgiy\nQs+qiD0e5LLOpgI8IH1xP0t4qUOXoHLINHrl9CJ2j2xNDbIkcLfxiIXTEsqWrCXy\nfGYMI3eKfuq2iaqr74kG39G0rjAPK3gXXkvhHouzd4POQ14wrTZY37sY8+/cb2+x\nC5vM4Z9FfeLQXp90e/7k0Crmz0CMslnLrP6UTCA7a8JbSMZY15zyDzCYzwFIt+xj\n9TZW8appi3ArpKTfiWSiFJuN1p3ecsWgPpInnYoBf8WD7WblzU0pGRazuQW0GTSj\nvOLxspOKHCGNHp2F6VkAAAADAQABAAACAHwDY8a5rCJsQ4mmjYhwKD2WWmikImj+\n+Nizz/eMC5c1CjmrdhAYQM1LkhB4K1j6YbAvSFDnlTa94KULuNwE35JwHJGj1yND\n6GDkzVzEqI4yn92975pRNBf49lwQu0dmv8IQhhllDGaTPAX4Uy9LE5kEWWCBplQc\nqSXxS2ISh+7OLRcdgkRp0tCtXd62WACx82S86Gk96YgH/QYYg/aSTgiQLNGj36w/\nieT8rwbBpGfvHC+96eiIE/KHw6wZ4BM7h7tJyGsdKCcFz+V+Xg/yULdoCc6HYlVw\nKzQ6Fb7GGyf+G9FNlaDMLOWJShuEg+UmqF5gx1USu/JOcJI+CPSDHDeqhfD+iZUZ\nQkUg89ZI95gm0MdwQzEaBkNh+XXM97DkGo4syhvR4sZfPEgmfPTGWKEzhxUC74vU\nM9VDktw5A3VSqi7LV6bD/Mbyfw1PIeFD9u4UeUrN1xmRieUr8ZPd86zcJugyiTUd\nxZCCP9JNeTJR3IfgCFL/nNUpUYpSRu+xbdmqWPeRbp07FUvqV4hWEu4m0Lu4PqRm\nubaZJaHKUtysYhW2v3TjMJ1R63Pg323o0Lr/Tmdzz25VxRv71YNOdjTO3Qxai2ge\nDv4fDL3sizS/lAArINgrgj/85xwYKmQG14bXD2hQ/yd6s9dA/r6jjPkS86qWcbgl\nWmLbZY9nHAkpAAABAQDlYo4sn5D40WNTUptgyOBScd+VvNkL9jedadwryJuw0e87\nQh18bKCKcqVYBMlusx9blgsfHOYvkmP6BiWaFoNcvetkaBxFL0yjCYYYNnQbWxsi\nG4+NM/Y1IFZ7jE0/PntxKHiDB7tegZHpDKg1bEV1KHkRWs589Z2Y05n9dhVSmrr1\nDqtaD1SLCnzh1UDCL5nzTXV4ay1OtkIU2AXN7qsn2XabrucssNveQhS0DQiPuc57\n+Ck/ApoxLqUHoEO+1d99z2yQl4H4tMt8VRROvP+d+TSAYNoL+BRCiaSrzPLJRsLE\nnJbBwsZwlxqphKMp8oqYTznUaZUOjWdBSCpoLcDEAAABAQD3ZTHbNZfEDwZAo1uw\npi50AQuqPdCiin/f1ZjjKGJgCqpqkoqaS+iHsH2mHxQGe1LtgkwYwduzlzEwBnIx\n3Z+TNjlxcOUhpPSdujP85q8vYiESW/UkiSfbAkDqzLn78VIlUJsqr4iPDpbSbcPX\nidqtebVGM3T9htl9SfI5+CW7+jSsYgOIQGRUFURY+Yh59tR7HXOttEv7ehuvmxqg\nu+ehSTYN/mpIZhLsBvrSaqYM9WAy0gUUh2/OdW1/JpC+cTa1QhmyC72icPcpQyzV\n9RQm7vbmsoKh1XoK1IQZ1rpE/LO3g/3VfYzkkSCe3+2qgCsGdDbNfa9Xzh1YnxTF\nu2PvAAABAQDxqCFmcvn0hVWsDx1Wc8I6ahhiOfOeE8fpYj1NCXBHpR6fbf2F8q0u\nRj9UbxPBXhEdr7AGL8kBo8Kyo3u2ICrOT6rgnjGIPg/zjWDLVAztmwdq0iIE64Mt\nB5fUhxdbniMGl6NI21mNFt0qVU2a6IfLCd2GR9b/IXbgMsY9axVR+Hg6qfsOG17l\nGX6Ui0vgkBV955gKYlhAjD7bIHiPgn3ctlFi6aIEv3H3JDTa4pXCExH1xdtT2OSK\nAewc+n7YmMdtSZXJLRkZB03swzXnmAw1LRBiTSiNfM0hUHNumkTQgSxHveJppSeq\nFLKQ8LwzcJFdPkS0KWtijgx7sJiZ7p83AAAAAAEC\n-----END OPENSSH PRIVATE KEY-----\n",
            "private_key_pem": "-----BEGIN RSA PRIVATE KEY-----\nMIIJKgIBAAKCAgEA6Yi+nyIqyFkjdG4JymcTau4B57b+Omp/X1KVDiNcXrCU37hS\neJhNmfYyfb5TP29um4LG4B5pACAvVatkSdYoGWtu1jx4oVKTH7ZtnUx3iicH5yZ7\nMs5G8u3Rk75wfMVeB3I9AlzBokh9S2aI9srWjrvFAxFOpcPeEHc78ifTKxOyxcZt\nnfYUHV232pqrnuqf2UfgJmo1zPYTybmLrorxUvJXyLBQ22Bki1b2J1gh2UZll1sQ\nPr7nYH4Yp+6NmDDOXlBTArQvSPhi1CkpDFiR5RU88MCsC7qfttU/T6nNlVlI1XL2\n/8rnIotvkMTH23mEE09xC1ultOYsK3pSnFuDRZcPcK8ANGkHN4lexZB+cdbWs10u\ncDZ97MBLVAG3YCMKgBQU7UE7kh8GjIJPJ2/pkgiyQs+qiD0e5LLOpgI8IH1xP0t4\nqUOXoHLINHrl9CJ2j2xNDbIkcLfxiIXTEsqWrCXyfGYMI3eKfuq2iaqr74kG39G0\nrjAPK3gXXkvhHouzd4POQ14wrTZY37sY8+/cb2+xC5vM4Z9FfeLQXp90e/7k0Crm\nz0CMslnLrP6UTCA7a8JbSMZY15zyDzCYzwFIt+xj9TZW8appi3ArpKTfiWSiFJuN\n1p3ecsWgPpInnYoBf8WD7WblzU0pGRazuQW0GTSjvOLxspOKHCGNHp2F6VkCAwEA\nAQKCAgB8A2PGuawibEOJpo2IcCg9llpopCJo/vjYs8/3jAuXNQo5q3YQGEDNS5IQ\neCtY+mGwL0hQ55U2veClC7jcBN+ScByRo9cjQ+hg5M1cxKiOMp/dve+aUTQX+PZc\nELtHZr/CEIYZZQxmkzwF+FMvSxOZBFlggaZUHKkl8UtiEofuzi0XHYJEadLQrV3e\ntlgAsfNkvOhpPemIB/0GGIP2kk4IkCzRo9+sP4nk/K8GwaRn7xwvvenoiBPyh8Os\nGeATO4e7SchrHSgnBc/lfl4P8lC3aAnOh2JVcCs0OhW+xhsn/hvRTZWgzCzliUob\nhIPlJqheYMdVErvyTnCSPgj0gxw3qoXw/omVGUJFIPPWSPeYJtDHcEMxGgZDYfl1\nzPew5BqOLMob0eLGXzxIJnz0xlihM4cVAu+L1DPVQ5LcOQN1Uqouy1emw/zG8n8N\nTyHhQ/buFHlKzdcZkYnlK/GT3fOs3CboMok1HcWQgj/STXkyUdyH4AhS/5zVKVGK\nUkbvsW3Zqlj3kW6dOxVL6leIVhLuJtC7uD6kZrm2mSWhylLcrGIVtr904zCdUetz\n4N9t6NC6/05nc89uVcUb+9WDTnY0zt0MWotoHg7+Hwy97Is0v5QAKyDYK4I//Occ\nGCpkBteG1w9oUP8nerPXQP6+o4z5EvOqlnG4JVpi22WPZxwJKQKCAQEA92Ux2zWX\nxA8GQKNbsKYudAELqj3Qoop/39WY4yhiYAqqapKKmkvoh7B9ph8UBntS7YJMGMHb\ns5cxMAZyMd2fkzY5cXDlIaT0nboz/OavL2IhElv1JIkn2wJA6sy5+/FSJVCbKq+I\njw6W0m3D14narXm1RjN0/YbZfUnyOfglu/o0rGIDiEBkVBVEWPmIefbUex1zrbRL\n+3obr5saoLvnoUk2Df5qSGYS7Ab60mqmDPVgMtIFFIdvznVtfyaQvnE2tUIZsgu9\nonD3KUMs1fUUJu725rKCodV6CtSEGda6RPyzt4P91X2M5JEgnt/tqoArBnQ2zX2v\nV84dWJ8Uxbtj7wKCAQEA8aghZnL59IVVrA8dVnPCOmoYYjnznhPH6WI9TQlwR6Ue\nn239hfKtLkY/VG8TwV4RHa+wBi/JAaPCsqN7tiAqzk+q4J4xiD4P841gy1QM7ZsH\natIiBOuDLQeX1IcXW54jBpejSNtZjRbdKlVNmuiHywndhkfW/yF24DLGPWsVUfh4\nOqn7Dhte5Rl+lItL4JAVfeeYCmJYQIw+2yB4j4J93LZRYumiBL9x9yQ02uKVwhMR\n9cXbU9jkigHsHPp+2JjHbUmVyS0ZGQdN7MM155gMNS0QYk0ojXzNIVBzbppE0IEs\nR73iaaUnqhSykPC8M3CRXT5EtClrYo4Me7CYme6fNwKCAQEAuNhkavxdHAF503v7\nOz6/gK9zTs0HARtotg67QCbhcg8mC6DYbLcA07l7+E5KQRmN+aYcQ3c9N69k8hQu\n6LFF1NF0FB2dJglBOERzKagXBtlUCoqo3JaaL9o8NPOoluVVUkoq1bb32qO07x9S\nb84xlOJWHlC+Pduuzx0cHlIZp50oFBDbwMcT73tAaRZw8WgKlL6JuyT2jLxMyWWj\nfKtJQ0oXWFdahCO4SaBhcix7Sz1fljkz0IXtdR5qJNHk3lZq4P21g0GgfCnZknv9\nmROX7gsocXC5iD+gA02MMl4tKPSDN0AovYYkandBH1QDGRzQiO72L42UIJABf0DF\nXYRJAwKCAQEAvahxxkEYkWMP8QDPyqkBV+0qg/TtkTP/ItjaOZrdxyz9Uqz1W2ox\npu61B2RCAfH8xuq64LAiNqo6xQ7vqemnDtKRzsX5I+9pf4GG5S1rFBQnBxwyXOAl\nzHJ4I/F+UIZVAPiDy0t0Bfpay721MY2r/ZsZhCjfwM6XyK+wzEU9r16tpYUAp3qt\nyGpw4M5OV8ldRLo9pnC2yLoJHttmI2OLumxQhavNX6KNJCUDYoKQfIeRAe4uC6le\n/D0z/S5P3VhStCAbcY92ciE8dERlCwVXF2jtwejCmgDH0Yyde8GRnn6yrP+HMdjP\nv3mNB5oYatq/C4oyS59ySyAnBfB8Y9tWkwKCAQEA5WKOLJ+Q+NFjU1KbYMjgUnHf\nlbzZC/Y3nWncK8ibsNHvO0IdfGyginKlWATJbrMfW5YLHxzmL5Jj+gYlmhaDXL3r\nZGgcRS9MowmGGDZ0G1sbIhuPjTP2NSBWe4xNPz57cSh4gwe7XoGR6QyoNWxFdSh5\nEVrOfPWdmNOZ/XYVUpq69Q6rWg9Uiwp84dVAwi+Z8011eGstTrZCFNgFze6rJ9l2\nm67nLLDb3kIUtA0Ij7nOe/gpPwKaMS6lB6BDvtXffc9skJeB+LTLfFUUTrz/nfk0\ngGDaC/gUQomkq8zyyUbCxJyWwcLGcJcaqYSjKfKKmE851GmVDo1nQUgqaC3AxA==\n-----END RSA PRIVATE KEY-----\n",
            "private_key_pem_pkcs8": "-----BEGIN PRIVATE KEY-----\nMIIJRAIBADANBgkqhkiG9w0BAQEFAASCCS4wggkqAgEAAoICAQDpiL6fIirIWSN0\nbgnKZxNq7gHntv46an9fUpUOI1xesJTfuFJ4mE2Z9jJ9vlM/b26bgsbgHmkAIC9V\nq2RJ1igZa27WPHihUpMftm2dTHeKJwfnJnsyzkby7dGTvnB8xV4Hcj0CXMGiSH1L\nZoj2ytaOu8UDEU6lw94QdzvyJ9MrE7LFxm2d9hQdXbfamque6p/ZR+AmajXM9hPJ\nuYuuivFS8lfIsFDbYGSLVvYnWCHZRmWXWxA+vudgfhin7o2YMM5eUFMCtC9I+GLU\nKSkMWJHlFTzwwKwLup+21T9Pqc2VWUjVcvb/yucii2+QxMfbeYQTT3ELW6W05iwr\nelKcW4NFlw9wrwA0aQc3iV7FkH5x1tazXS5wNn3swEtUAbdgIwqAFBTtQTuSHwaM\ngk8nb+mSCLJCz6qIPR7kss6mAjwgfXE/S3ipQ5egcsg0euX0InaPbE0NsiRwt/GI\nhdMSypasJfJ8Zgwjd4p+6raJqqvviQbf0bSuMA8reBdeS+Eei7N3g85DXjCtNljf\nuxjz79xvb7ELm8zhn0V94tBen3R7/uTQKubPQIyyWcus/pRMIDtrwltIxljXnPIP\nMJjPAUi37GP1NlbxqmmLcCukpN+JZKIUm43Wnd5yxaA+kiedigF/xYPtZuXNTSkZ\nFrO5BbQZNKO84vGyk4ocIY0enYXpWQIDAQABAoICAHwDY8a5rCJsQ4mmjYhwKD2W\nWmikImj++Nizz/eMC5c1CjmrdhAYQM1LkhB4K1j6YbAvSFDnlTa94KULuNwE35Jw\nHJGj1yND6GDkzVzEqI4yn92975pRNBf49lwQu0dmv8IQhhllDGaTPAX4Uy9LE5kE\nWWCBplQcqSXxS2ISh+7OLRcdgkRp0tCtXd62WACx82S86Gk96YgH/QYYg/aSTgiQ\nLNGj36w/ieT8rwbBpGfvHC+96eiIE/KHw6wZ4BM7h7tJyGsdKCcFz+V+Xg/yULdo\nCc6HYlVwKzQ6Fb7GGyf+G9FNlaDMLOWJShuEg+UmqF5gx1USu/JOcJI+CPSDHDeq\nhfD+iZUZQkUg89ZI95gm0MdwQzEaBkNh+XXM97DkGo4syhvR4sZfPEgmfPTGWKEz\nhxUC74vUM9VDktw5A3VSqi7LV6bD/Mbyfw1PIeFD9u4UeUrN1xmRieUr8ZPd86zc\nJugyiTUdxZCCP9JNeTJR3IfgCFL/nNUpUYpSRu+xbdmqWPeRbp07FUvqV4hWEu4m\n0Lu4PqRmubaZJaHKUtysYhW2v3TjMJ1R63Pg323o0Lr/Tmdzz25VxRv71YNOdjTO\n3Qxai2geDv4fDL3sizS/lAArINgrgj/85xwYKmQG14bXD2hQ/yd6s9dA/r6jjPkS\n86qWcbglWmLbZY9nHAkpAoIBAQD3ZTHbNZfEDwZAo1uwpi50AQuqPdCiin/f1Zjj\nKGJgCqpqkoqaS+iHsH2mHxQGe1LtgkwYwduzlzEwBnIx3Z+TNjlxcOUhpPSdujP8\n5q8vYiESW/UkiSfbAkDqzLn78VIlUJsqr4iPDpbSbcPXidqtebVGM3T9htl9SfI5\n+CW7+jSsYgOIQGRUFURY+Yh59tR7HXOttEv7ehuvmxqgu+ehSTYN/mpIZhLsBvrS\naqYM9WAy0gUUh2/OdW1/JpC+cTa1QhmyC72icPcpQyzV9RQm7vbmsoKh1XoK1IQZ\n1rpE/LO3g/3VfYzkkSCe3+2qgCsGdDbNfa9Xzh1YnxTFu2PvAoIBAQDxqCFmcvn0\nhVWsDx1Wc8I6ahhiOfOeE8fpYj1NCXBHpR6fbf2F8q0uRj9UbxPBXhEdr7AGL8kB\no8Kyo3u2ICrOT6rgnjGIPg/zjWDLVAztmwdq0iIE64MtB5fUhxdbniMGl6NI21mN\nFt0qVU2a6IfLCd2GR9b/IXbgMsY9axVR+Hg6qfsOG17lGX6Ui0vgkBV955gKYlhA\njD7bIHiPgn3ctlFi6aIEv3H3JDTa4pXCExH1xdtT2OSKAewc+n7YmMdtSZXJLRkZ\nB03swzXnmAw1LRBiTSiNfM0hUHNumkTQgSxHveJppSeqFLKQ8LwzcJFdPkS0KWti\njgx7sJiZ7p83AoIBAQC42GRq/F0cAXnTe/s7Pr+Ar3NOzQcBG2i2DrtAJuFyDyYL\noNhstwDTuXv4TkpBGY35phxDdz03r2TyFC7osUXU0XQUHZ0mCUE4RHMpqBcG2VQK\niqjclpov2jw086iW5VVSSirVtvfao7TvH1JvzjGU4lYeUL49267PHRweUhmnnSgU\nENvAxxPve0BpFnDxaAqUvom7JPaMvEzJZaN8q0lDShdYV1qEI7hJoGFyLHtLPV+W\nOTPQhe11Hmok0eTeVmrg/bWDQaB8KdmSe/2ZE5fuCyhxcLmIP6ADTYwyXi0o9IM3\nQCi9hiRqd0EfVAMZHNCI7vYvjZQgkAF/QMVdhEkDAoIBAQC9qHHGQRiRYw/xAM/K\nqQFX7SqD9O2RM/8i2No5mt3HLP1SrPVbajGm7rUHZEIB8fzG6rrgsCI2qjrFDu+p\n6acO0pHOxfkj72l/gYblLWsUFCcHHDJc4CXMcngj8X5QhlUA+IPLS3QF+lrLvbUx\njav9mxmEKN/AzpfIr7DMRT2vXq2lhQCneq3IanDgzk5XyV1Euj2mcLbIugke22Yj\nY4u6bFCFq81foo0kJQNigpB8h5EB7i4LqV78PTP9Lk/dWFK0IBtxj3ZyITx0RGUL\nBVcXaO3B6MKaAMfRjJ17wZGefrKs/4cx2M+/eY0Hmhhq2r8LijJLn3JLICcF8Hxj\n21aTAoIBAQDlYo4sn5D40WNTUptgyOBScd+VvNkL9jedadwryJuw0e87Qh18bKCK\ncqVYBMlusx9blgsfHOYvkmP6BiWaFoNcvetkaBxFL0yjCYYYNnQbWxsiG4+NM/Y1\nIFZ7jE0/PntxKHiDB7tegZHpDKg1bEV1KHkRWs589Z2Y05n9dhVSmrr1DqtaD1SL\nCnzh1UDCL5nzTXV4ay1OtkIU2AXN7qsn2XabrucssNveQhS0DQiPuc57+Ck/Apox\nLqUHoEO+1d99z2yQl4H4tMt8VRROvP+d+TSAYNoL+BRCiaSrzPLJRsLEnJbBwsZw\nlxqphKMp8oqYTznUaZUOjWdBSCpoLcDE\n-----END PRIVATE KEY-----\n",
            "public_key_fingerprint_md5": "99:05:e9:ec:84:9c:09:a1:29:0f:ad:d5:9b:33:77:28",
            "public_key_fingerprint_sha256": "SHA256:AmW2U4ny19ZxqVr16API8nRXFF/iq+OA4VA4+//aqBw",
            "public_key_openssh": "ssh-rsa AAAAB3NzaC1yc2EAAAADAQABAAACAQDpiL6fIirIWSN0bgnKZxNq7gHntv46an9fUpUOI1xesJTfuFJ4mE2Z9jJ9vlM/b26bgsbgHmkAIC9Vq2RJ1igZa27WPHihUpMftm2dTHeKJwfnJnsyzkby7dGTvnB8xV4Hcj0CXMGiSH1LZoj2ytaOu8UDEU6lw94QdzvyJ9MrE7LFxm2d9hQdXbfamque6p/ZR+AmajXM9hPJuYuuivFS8lfIsFDbYGSLVvYnWCHZRmWXWxA+vudgfhin7o2YMM5eUFMCtC9I+GLUKSkMWJHlFTzwwKwLup+21T9Pqc2VWUjVcvb/yucii2+QxMfbeYQTT3ELW6W05iwrelKcW4NFlw9wrwA0aQc3iV7FkH5x1tazXS5wNn3swEtUAbdgIwqAFBTtQTuSHwaMgk8nb+mSCLJCz6qIPR7kss6mAjwgfXE/S3ipQ5egcsg0euX0InaPbE0NsiRwt/GIhdMSypasJfJ8Zgwjd4p+6raJqqvviQbf0bSuMA8reBdeS+Eei7N3g85DXjCtNljfuxjz79xvb7ELm8zhn0V94tBen3R7/uTQKubPQIyyWcus/pRMIDtrwltIxljXnPIPMJjPAUi37GP1NlbxqmmLcCukpN+JZKIUm43Wnd5yxaA+kiedigF/xYPtZuXNTSkZFrO5BbQZNKO84vGyk4ocIY0enYXpWQ==\n",
            "public_key_pem": "-----BEGIN PUBLIC KEY-----\nMIICIjANBgkqhkiG9w0BAQEFAAOCAg8AMIICCgKCAgEA6Yi+nyIqyFkjdG4JymcT\nau4B57b+Omp/X1KVDiNcXrCU37hSeJhNmfYyfb5TP29um4LG4B5pACAvVatkSdYo\nGWtu1jx4oVKTH7ZtnUx3iicH5yZ7Ms5G8u3Rk75wfMVeB3I9AlzBokh9S2aI9srW\njrvFAxFOpcPeEHc78ifTKxOyxcZtnfYUHV232pqrnuqf2UfgJmo1zPYTybmLrorx\nUvJXyLBQ22Bki1b2J1gh2UZll1sQPr7nYH4Yp+6NmDDOXlBTArQvSPhi1CkpDFiR\n5RU88MCsC7qfttU/T6nNlVlI1XL2/8rnIotvkMTH23mEE09xC1ultOYsK3pSnFuD\nRZcPcK8ANGkHN4lexZB+cdbWs10ucDZ97MBLVAG3YCMKgBQU7UE7kh8GjIJPJ2/p\nkgiyQs+qiD0e5LLOpgI8IH1xP0t4qUOXoHLINHrl9CJ2j2xNDbIkcLfxiIXTEsqW\nrCXyfGYMI3eKfuq2iaqr74kG39G0rjAPK3gXXkvhHouzd4POQ14wrTZY37sY8+/c\nb2+xC5vM4Z9FfeLQXp90e/7k0Crmz0CMslnLrP6UTCA7a8JbSMZY15zyDzCYzwFI\nt+xj9TZW8appi3ArpKTfiWSiFJuN1p3ecsWgPpInnYoBf8WD7WblzU0pGRazuQW0\nGTSjvOLxspOKHCGNHp2F6VkCAwEAAQ==\n-----END PUBLIC KEY-----\n",
            "rsa_bits": 4096
          },
          "sensitive_attributes": [
            [
              {
                "type": "get_attr",
                "value": "private_key_pem_pkcs8"
              }
            ],
            [
              {
                "type": "get_attr",
                "value": "private_key_pem"
              }
            ],
            [
              {
                "type": "get_attr",
                "value": "private_key_openssh"
              }
            ]
          ]
        }
      ]
    }
  ],
  "check_results": null
}
