{
  "version": 4,
  "terraform_version": "1.8.5",
  "serial": 229,
  "lineage": "7c3eb9ef-b191-0fb4-3801-913914afebc1",
  "outputs": {
    "dns_name": {
      "value": "tf-vm-wordpress.northeurope.cloudapp.azure.com",
      "type": "string"
    },
    "public_ip": {
      "value": "13.74.56.205",
      "type": "string"
    },
    "resource_group_name": {
      "value": "TF-RG",
      "type": "string"
    },
    "vm_public_ip_address": {
      "value": "13.74.56.205",
      "type": "string"
    }
  },
  "resources": [
    {
      "mode": "managed",
      "type": "azurerm_linux_virtual_machine",
      "name": "terraform_vm",
      "provider": "provider[\"registry.terraform.io/hashicorp/azurerm\"]",
      "instances": [
        {
          "schema_version": 0,
          "attributes": {
            "additional_capabilities": [],
            "admin_password": null,
            "admin_ssh_key": [
              {
                "public_key": "ssh-rsa AAAAB3NzaC1yc2EAAAADAQABAAACAQDz2tVp8mS3yIQOQWC5ub/iQy1iYqP9wI8yp0MXsmUKe//96jH8pDzUBrxSvMQ8rohRJl8O/zMXQyLvNVzf5G9t2Y6CyvrUNvcATfWd1Gwf6jqmm6nFJ7n9qRgg+vtt02IYLr9rlgds7ioJu2zMS2kJmTc5lWOhC4lmeDlQosuS1SyLNieO7aPSx2oRwVufjWAJpXUoek7YHyDeInfi6S2LCBmNFe8fkfxSNgYMftAZODPRL7ktRRy9zPn4BkI5om8vcqAMd8dP6Lr3/Vc0j5bM+EbMCkp0aYcAQvmNaBsKbR1iYQL/AD96L688oZQkYsNZeRo0JYxXMhn0p1dvPyZg4RxA7sFBEoeMUEtXZDROJPghxbY7iohBpJi9hGzMzximaIlCZn2fYREiySlsomclPySAd3Gb5h3dEJzAvHnIahaR7sf7bqdQSd1YmxG61sw/5fJW1aF65hVC59IJBUKpd/foSXfoOovQ6HyQw244BS6NaIlyWNHFj78R4E/QV5Xz4c81xgdUHHsxJq5J7gs3hTiidP2Nipq7QU78815zPg8URQxCVRD1rgp+bMNmuO573fBA0vWnFdJeAIP02GdqLywaa4WntMQsHW5rCEl3M2HHZqXJWUOwCOA9GTn/HXKfggdoxL1OvMowFpmnyr3hz70hftnMrqj5wHQ/b+QZ8Q==\n",
                "username": "biem"
              }
            ],
            "admin_username": "biem",
            "allow_extension_operations": true,
            "availability_set_id": "",
            "boot_diagnostics": [],
            "bypass_platform_safety_checks_on_user_schedule_enabled": false,
            "capacity_reservation_group_id": "",
            "computer_name": "tf-vm-wordpress",
            "custom_data": "IyEvYmluL3NoCgojIFVwZGF0ZSB0aGUgcGFja2FnZSBtYW5hZ2VyCnN1ZG8gYXB0IHVwZGF0ZSAteQoKIyBJbnN0YWxsIE5naW54CnN1ZG8gYXB0IGluc3RhbGwgbmdpbnggLXkKCiMgQWRkIHRoZSByZXBvc2l0b3J5IGZvciBQSFAgOC4xCnN1ZG8gYWRkLWFwdC1yZXBvc2l0b3J5IHBwYTpvbmRyZWovcGhwIC15CgojIFVwZGF0ZSB0aGUgcGFja2FnZSBtYW5hZ2VyIGFnYWluIHRvIHJlY29nbml6ZSB0aGUgbmV3IHJlcG9zaXRvcnkKc3VkbyBhcHQgdXBkYXRlIC15CgojIEluc3RhbGwgUEhQIGFuZCBuZWNlc3NhcnkgZXh0ZW5zaW9ucwpzdWRvIGFwdCBpbnN0YWxsIHBocDguMS1mcG0gcGhwOC4xLW15c3FsIHBocDguMS1jdXJsIHBocDguMS1nZCBwaHA4LjEtaW50bCBwaHA4LjEtbWJzdHJpbmcgcGhwOC4xLXNvYXAgcGhwOC4xLXhtbCBwaHA4LjEteG1scnBjIHBocDguMS16aXAgLXkKCiMgU3RhcnQgYW5kIGVuYWJsZSBwaHAtZnBtIHNlcnZpY2UKc3VkbyBzeXN0ZW1jdGwgc3RhcnQgcGhwOC4xLWZwbQpzdWRvIHN5c3RlbWN0bCBlbmFibGUgcGhwOC4xLWZwbQoKIyBJbnN0YWxsIE15U3FsIGNsaWVudCB0byBpbnRlcmFjdCB3aXRoIEF6dXJlIERCCnN1ZG8gYXB0IGluc3RhbGwgbXlzcWwtY2xpZW50IC15CgojIEVudGVyIHRoZSB3ZWJzaXRlJ3MgZGlyZWN0b3J5CmNkIC92YXIvd3d3L2h0bWwKCiMgSW5zdGFsbCB3Z2V0IHBhY2thZ2UKI3N1ZG8geXVtIGluc3RhbGwgLXkgd2dldAojIEZldGNoIHRoZSBsYXRlc3QgV29yZFByZXNzIHBhY2thZ2UKc3VkbyB3Z2V0IGh0dHBzOi8vd29yZHByZXNzLm9yZy9sYXRlc3QudGFyLmd6CgojIFVucGFjayB0aGUgbWFnaWMKc3VkbyB0YXIgLXh6dmYgbGF0ZXN0LnRhci5negoKIyBSZW5hbWUgdGhlIFdvcmRQcmVzcyBkaXJlY3RvcnkgZm9yIHNpbXBsaWNpdHkKc3VkbyBtdiB3b3JkcHJlc3Mgd29yZHByZXNzLXRmLmNvbQoKIyBBZGp1c3QgcGVybWlzc2lvbnMgYW5kIG93bmVyc2hpcApzdWRvIGNob3duIC1SIHd3dy1kYXRhOnd3dy1kYXRhIHdvcmRwcmVzcy10Zi5jb20KCiMgQ2hhbmdlIGRpcmVjdG9yeSB0byByZW5hbWVkIHdwIGRpcmVjYXRvcnkgYW5kIGNyZWF0ZSBjb3B5IG9mIGRlZmF1bHQgY29uZmlnIGZpbGUKY2Qgd29yZHByZXNzLXRmLmNvbQpjcCB3cC1jb25maWctc2FtcGxlLnBocCB3cC1jb25maWcucGhwCgojIER5bmFtaWNhbGx5IGFkanVzdCBkYXRhYmFzZSBjb25uZWN0aW9uIHN0cmluZ3MKY2F0IDw8LSBFT0YgPiAvdmFyL3d3dy9odG1sL3dvcmRwcmVzcy10Zi5jb20vd3AtY29uZmlnLnBocAoke2xvY2FsLndwX2NvbmZpZ30KRU9GCiNzdWRvIHNlZCAtaSAicy9kYXRhYmFzZV9uYW1lX2hlcmUvdGYtbXlzcWwtZmxleGlibGUtZGIvIiB3cC1jb25maWcucGhwCiNzdWRvIHNlZCAtaSAicy91c2VybmFtZV9oZXJlL3NlcnZlcl9hZG1pbi8iIHdwLWNvbmZpZy5waHAKI3N1ZG8gc2VkIC1pICJzL3Bhc3N3b3JkX2hlcmUvKk1hcnlhbWJlbGxvMDkqLyIgd3AtY29uZmlnLnBocAojc3VkbyBzZWQgLWkgInMvbG9jYWxob3N0L3RmLW15c3FsLWZsZXhpYmxlLXNlcnZlci5wcml2YXRlLm15c3FsLmRhdGFiYXNlLmF6dXJlLmNvbS8iIHdwLWNvbmZpZy5waHAKCiMgU2V0IHVwIE5naW54IHNlcnZlciBibG9jayBmb3IgV29yZFByZXNzCmNhdCA+IC9ldGMvbmdpbngvc2l0ZXMtYXZhaWxhYmxlL3dvcmRwcmVzcy10ZiA8PCAnRU9GJwpzZXJ2ZXIgewogICAgICAgbGlzdGVuIDgwOwogICAgICAgbGlzdGVuIFs6Ol06ODA7CgogICAgICAgc2VydmVyX25hbWUgdGYtdm0td29yZHByZXNzLm5vcnRoZXVyb3BlLmNsb3VkYXBwLmF6dXJlLmNvbTsKCiAgICAgICByb290IC92YXIvd3d3L2h0bWwvd29yZHByZXNzLXRmLmNvbTsKICAgICAgIGluZGV4IGluZGV4LnBocCBpbmRleC5odG1sOwoKICAgICAgIGxvY2F0aW9uIC8gewogICAgICAgICAgICAgICB0cnlfZmlsZXMgJHVyaSAkdXJpLyA9NDA0OwogICAgICAgfQoKICAgICAgbG9jYXRpb24gfiBcLnBocCQgewogICAgICAgICAgICAgICBpbmNsdWRlIHNuaXBwZXRzL2Zhc3RjZ2ktcGhwLmNvbmY7CiAgICAgICAgICAgICAgIGZhc3RjZ2lfcGFzcyB1bml4Oi92YXIvcnVuL3BocC9waHA4LjEtZnBtLnNvY2s7ICMgQWRqdXN0IHRoaXMgdG8geW91ciBQSFAtRlBNIHZlcnNpb24KICAgICAgIH0KCiAgICAgICBsb2NhdGlvbiB+IC9cLmh0IHsKICAgICAgICAgICAgICAgZGVueSBhbGw7CiAgICAgICB9Cn0KRU9GCgpsbiAtcyAvZXRjL25naW54L3NpdGVzLWF2YWlsYWJsZS93b3JkcHJlc3MtdGYgL2V0Yy9uZ2lueC9zaXRlcy1lbmFibGVkLwpybSAvZXRjL25naW54L3NpdGVzLWVuYWJsZWQvZGVmYXVsdAoKIyBSZXN0YXJ0IGFwYWNoZSBzZXJ2ZXIKc3VkbyBzeXN0ZW1jdGwgcmVzdGFydCBuZ2lueAoK",
            "dedicated_host_group_id": "",
            "dedicated_host_id": "",
            "disable_password_authentication": true,
            "disk_controller_type": "SCSI",
            "edge_zone": "",
            "encryption_at_host_enabled": false,
            "eviction_policy": "",
            "extensions_time_budget": "PT1H30M",
            "gallery_application": [],
            "id": "/subscriptions/545f15bc-89a7-4d92-8c7f-5e8bd37b3d0d/resourceGroups/TF-RG/providers/Microsoft.Compute/virtualMachines/tf-vm-wordpress",
            "identity": [],
            "license_type": "",
            "location": "northeurope",
            "max_bid_price": -1,
            "name": "tf-vm-wordpress",
            "network_interface_ids": [
              "/subscriptions/545f15bc-89a7-4d92-8c7f-5e8bd37b3d0d/resourceGroups/TF-RG/providers/Microsoft.Network/networkInterfaces/tfNIC"
            ],
            "os_disk": [
              {
                "caching": "ReadWrite",
                "diff_disk_settings": [],
                "disk_encryption_set_id": "",
                "disk_size_gb": 30,
                "name": "tfOsDisk",
                "secure_vm_disk_encryption_set_id": "",
                "security_encryption_type": "",
                "storage_account_type": "Standard_LRS",
                "write_accelerator_enabled": false
              }
            ],
            "os_image_notification": [],
            "patch_assessment_mode": "ImageDefault",
            "patch_mode": "ImageDefault",
            "plan": [],
            "platform_fault_domain": -1,
            "priority": "Regular",
            "private_ip_address": "10.0.3.4",
            "private_ip_addresses": [
              "10.0.3.4"
            ],
            "provision_vm_agent": true,
            "proximity_placement_group_id": "",
            "public_ip_address": "13.74.56.205",
            "public_ip_addresses": [
              "13.74.56.205"
            ],
            "reboot_setting": "",
            "resource_group_name": "TF-RG",
            "secret": [],
            "secure_boot_enabled": false,
            "size": "Standard_DS1_v2",
            "source_image_id": "",
            "source_image_reference": [
              {
                "offer": "0001-com-ubuntu-server-jammy",
                "publisher": "Canonical",
                "sku": "22_04-lts-gen2",
                "version": "latest"
              }
            ],
            "tags": {},
            "termination_notification": [],
            "timeouts": null,
            "user_data": "",
            "virtual_machine_id": "516b5469-b53e-4ebd-be55-631ea26edb48",
            "virtual_machine_scale_set_id": "",
            "vm_agent_platform_updates_enabled": false,
            "vtpm_enabled": false,
            "zone": ""
          },
          "sensitive_attributes": [
            [
              {
                "type": "get_attr",
                "value": "custom_data"
              }
            ],
            [
              {
                "type": "get_attr",
                "value": "admin_password"
              }
            ]
          ],
          "private": "eyJlMmJmYjczMC1lY2FhLTExZTYtOGY4OC0zNDM2M2JjN2M0YzAiOnsiY3JlYXRlIjoyNzAwMDAwMDAwMDAwLCJkZWxldGUiOjI3MDAwMDAwMDAwMDAsInJlYWQiOjMwMDAwMDAwMDAwMCwidXBkYXRlIjoyNzAwMDAwMDAwMDAwfX0=",
          "dependencies": [
            "azurerm_network_interface.terraform_nic",
            "azurerm_public_ip.terraform_public_ip",
            "azurerm_resource_group.rg",
            "azurerm_subnet.terraform_public_subnet",
            "azurerm_virtual_network.terraform_vnet",
            "tls_private_key.ssh_key"
          ]
        }
      ]
    },
    {
      "mode": "managed",
      "type": "azurerm_mysql_flexible_database",
      "name": "tf_flexible_database",
      "provider": "provider[\"registry.terraform.io/hashicorp/azurerm\"]",
      "instances": [
        {
          "schema_version": 0,
          "attributes": {
            "charset": "utf8",
            "collation": "utf8_unicode_ci",
            "id": "/subscriptions/545f15bc-89a7-4d92-8c7f-5e8bd37b3d0d/resourceGroups/TF-RG/providers/Microsoft.DBforMySQL/flexibleServers/tf-mysql-flexible-server/databases/tf-mysql-flexible-db",
            "name": "tf-mysql-flexible-db",
            "resource_group_name": "TF-RG",
            "server_name": "tf-mysql-flexible-server",
            "timeouts": null
          },
          "sensitive_attributes": [],
          "private": "eyJlMmJmYjczMC1lY2FhLTExZTYtOGY4OC0zNDM2M2JjN2M0YzAiOnsiY3JlYXRlIjozNjAwMDAwMDAwMDAwLCJkZWxldGUiOjM2MDAwMDAwMDAwMDAsInJlYWQiOjMwMDAwMDAwMDAwMH19",
          "dependencies": [
            "azurerm_mysql_flexible_server.tf_flexible_server",
            "azurerm_private_dns_zone.tf_dns_zone",
            "azurerm_private_dns_zone_virtual_network_link.vnet_link",
            "azurerm_resource_group.rg",
            "azurerm_subnet.terraform_private_subnet",
            "azurerm_virtual_network.terraform_vnet"
          ]
        }
      ]
    },
    {
      "mode": "managed",
      "type": "azurerm_mysql_flexible_server",
      "name": "tf_flexible_server",
      "provider": "provider[\"registry.terraform.io/hashicorp/azurerm\"]",
      "instances": [
        {
          "schema_version": 0,
          "attributes": {
            "administrator_login": "server_admin",
            "administrator_password": "*Maryambello09*",
            "backup_retention_days": 7,
            "create_mode": null,
            "customer_managed_key": [],
            "delegated_subnet_id": "/subscriptions/545f15bc-89a7-4d92-8c7f-5e8bd37b3d0d/resourceGroups/TF-RG/providers/Microsoft.Network/virtualNetworks/tfVnet/subnets/tfSubnetPrivate",
            "fqdn": "tf-mysql-flexible-server.mysql.database.azure.com",
            "geo_redundant_backup_enabled": false,
            "high_availability": [],
            "id": "/subscriptions/545f15bc-89a7-4d92-8c7f-5e8bd37b3d0d/resourceGroups/TF-RG/providers/Microsoft.DBforMySQL/flexibleServers/tf-mysql-flexible-server",
            "identity": [],
            "location": "northeurope",
            "maintenance_window": [],
            "name": "tf-mysql-flexible-server",
            "point_in_time_restore_time_in_utc": null,
            "private_dns_zone_id": "/subscriptions/545f15bc-89a7-4d92-8c7f-5e8bd37b3d0d/resourceGroups/TF-RG/providers/Microsoft.Network/privateDnsZones/private.mysql.database.azure.com",
            "public_network_access_enabled": false,
            "replica_capacity": 10,
            "replication_role": "None",
            "resource_group_name": "TF-RG",
            "sku_name": "B_Standard_B1s",
            "source_server_id": null,
            "storage": [
              {
                "auto_grow_enabled": true,
                "io_scaling_enabled": false,
                "iops": 360,
                "size_gb": 20
              }
            ],
            "tags": {},
            "timeouts": null,
            "version": "5.7",
            "zone": ""
          },
          "sensitive_attributes": [
            [
              {
                "type": "get_attr",
                "value": "administrator_password"
              }
            ]
          ],
          "private": "eyJlMmJmYjczMC1lY2FhLTExZTYtOGY4OC0zNDM2M2JjN2M0YzAiOnsiY3JlYXRlIjozNjAwMDAwMDAwMDAwLCJkZWxldGUiOjM2MDAwMDAwMDAwMDAsInJlYWQiOjMwMDAwMDAwMDAwMCwidXBkYXRlIjozNjAwMDAwMDAwMDAwfX0=",
          "dependencies": [
            "azurerm_private_dns_zone.tf_dns_zone",
            "azurerm_private_dns_zone_virtual_network_link.vnet_link",
            "azurerm_resource_group.rg",
            "azurerm_subnet.terraform_private_subnet",
            "azurerm_virtual_network.terraform_vnet"
          ]
        }
      ]
    },
    {
      "mode": "managed",
      "type": "azurerm_network_interface",
      "name": "terraform_nic",
      "provider": "provider[\"registry.terraform.io/hashicorp/azurerm\"]",
      "instances": [
        {
          "schema_version": 0,
          "attributes": {
            "applied_dns_servers": [],
            "auxiliary_mode": "",
            "auxiliary_sku": "",
            "dns_servers": [],
            "edge_zone": "",
            "enable_accelerated_networking": false,
            "enable_ip_forwarding": false,
            "id": "/subscriptions/545f15bc-89a7-4d92-8c7f-5e8bd37b3d0d/resourceGroups/TF-RG/providers/Microsoft.Network/networkInterfaces/tfNIC",
            "internal_dns_name_label": "",
            "internal_domain_name_suffix": "e41brmo4xmdepcssdbnojqoi2e.fx.internal.cloudapp.net",
            "ip_configuration": [
              {
                "gateway_load_balancer_frontend_ip_configuration_id": "",
                "name": "tf_nic_configuration",
                "primary": true,
                "private_ip_address": "10.0.3.4",
                "private_ip_address_allocation": "Dynamic",
                "private_ip_address_version": "IPv4",
                "public_ip_address_id": "/subscriptions/545f15bc-89a7-4d92-8c7f-5e8bd37b3d0d/resourceGroups/TF-RG/providers/Microsoft.Network/publicIPAddresses/tfPublicIP",
                "subnet_id": "/subscriptions/545f15bc-89a7-4d92-8c7f-5e8bd37b3d0d/resourceGroups/TF-RG/providers/Microsoft.Network/virtualNetworks/tfVnet/subnets/tfSubnetPublic"
              }
            ],
            "location": "northeurope",
            "mac_address": "00-22-48-A2-3F-86",
            "name": "tfNIC",
            "private_ip_address": "10.0.3.4",
            "private_ip_addresses": [
              "10.0.3.4"
            ],
            "resource_group_name": "TF-RG",
            "tags": {},
            "timeouts": null,
            "virtual_machine_id": "/subscriptions/545f15bc-89a7-4d92-8c7f-5e8bd37b3d0d/resourceGroups/TF-RG/providers/Microsoft.Compute/virtualMachines/tf-vm-wordpress"
          },
          "sensitive_attributes": [],
          "private": "eyJlMmJmYjczMC1lY2FhLTExZTYtOGY4OC0zNDM2M2JjN2M0YzAiOnsiY3JlYXRlIjoxODAwMDAwMDAwMDAwLCJkZWxldGUiOjE4MDAwMDAwMDAwMDAsInJlYWQiOjMwMDAwMDAwMDAwMCwidXBkYXRlIjoxODAwMDAwMDAwMDAwfX0=",
          "dependencies": [
            "azurerm_public_ip.terraform_public_ip",
            "azurerm_resource_group.rg",
            "azurerm_subnet.terraform_public_subnet",
            "azurerm_virtual_network.terraform_vnet"
          ]
        }
      ]
    },
    {
      "mode": "managed",
      "type": "azurerm_network_interface_security_group_association",
      "name": "vm_nsg_assoc",
      "provider": "provider[\"registry.terraform.io/hashicorp/azurerm\"]",
      "instances": [
        {
          "schema_version": 0,
          "attributes": {
            "id": "/subscriptions/545f15bc-89a7-4d92-8c7f-5e8bd37b3d0d/resourceGroups/TF-RG/providers/Microsoft.Network/networkInterfaces/tfNIC|/subscriptions/545f15bc-89a7-4d92-8c7f-5e8bd37b3d0d/resourceGroups/TF-RG/providers/Microsoft.Network/networkSecurityGroups/tfNetworkSecurityGroup",
            "network_interface_id": "/subscriptions/545f15bc-89a7-4d92-8c7f-5e8bd37b3d0d/resourceGroups/TF-RG/providers/Microsoft.Network/networkInterfaces/tfNIC",
            "network_security_group_id": "/subscriptions/545f15bc-89a7-4d92-8c7f-5e8bd37b3d0d/resourceGroups/TF-RG/providers/Microsoft.Network/networkSecurityGroups/tfNetworkSecurityGroup",
            "timeouts": null
          },
          "sensitive_attributes": [],
          "private": "eyJlMmJmYjczMC1lY2FhLTExZTYtOGY4OC0zNDM2M2JjN2M0YzAiOnsiY3JlYXRlIjoxODAwMDAwMDAwMDAwLCJkZWxldGUiOjE4MDAwMDAwMDAwMDAsInJlYWQiOjMwMDAwMDAwMDAwMH19",
          "dependencies": [
            "azurerm_network_interface.terraform_nic",
            "azurerm_network_security_group.terraform_nsg",
            "azurerm_public_ip.terraform_public_ip",
            "azurerm_resource_group.rg",
            "azurerm_subnet.terraform_public_subnet",
            "azurerm_virtual_network.terraform_vnet"
          ]
        }
      ]
    },
    {
      "mode": "managed",
      "type": "azurerm_network_security_group",
      "name": "terraform_nsg",
      "provider": "provider[\"registry.terraform.io/hashicorp/azurerm\"]",
      "instances": [
        {
          "schema_version": 0,
          "attributes": {
            "id": "/subscriptions/545f15bc-89a7-4d92-8c7f-5e8bd37b3d0d/resourceGroups/TF-RG/providers/Microsoft.Network/networkSecurityGroups/tfNetworkSecurityGroup",
            "location": "northeurope",
            "name": "tfNetworkSecurityGroup",
            "resource_group_name": "TF-RG",
            "security_rule": [
              {
                "access": "Allow",
                "description": "",
                "destination_address_prefix": "*",
                "destination_address_prefixes": [],
                "destination_application_security_group_ids": [],
                "destination_port_range": "3306",
                "destination_port_ranges": [],
                "direction": "Inbound",
                "name": "AllowMySQLAccess",
                "priority": 102,
                "protocol": "Tcp",
                "source_address_prefix": "*",
                "source_address_prefixes": [],
                "source_application_security_group_ids": [],
                "source_port_range": "*",
                "source_port_ranges": []
              },
              {
                "access": "Allow",
                "description": "",
                "destination_address_prefix": "*",
                "destination_address_prefixes": [],
                "destination_application_security_group_ids": [],
                "destination_port_range": "80",
                "destination_port_ranges": [],
                "direction": "Inbound",
                "name": "AllowInternetTraffic",
                "priority": 101,
                "protocol": "Tcp",
                "source_address_prefix": "*",
                "source_address_prefixes": [],
                "source_application_security_group_ids": [],
                "source_port_range": "*",
                "source_port_ranges": []
              },
              {
                "access": "Allow",
                "description": null,
                "destination_address_prefix": "*",
                "destination_address_prefixes": [],
                "destination_application_security_group_ids": [],
                "destination_port_range": "22",
                "destination_port_ranges": [],
                "direction": "Inbound",
                "name": "SSH",
                "priority": 100,
                "protocol": "Tcp",
                "source_address_prefix": "*",
                "source_address_prefixes": [],
                "source_application_security_group_ids": [],
                "source_port_range": "*",
                "source_port_ranges": []
              }
            ],
            "tags": {},
            "timeouts": null
          },
          "sensitive_attributes": [],
          "private": "eyJlMmJmYjczMC1lY2FhLTExZTYtOGY4OC0zNDM2M2JjN2M0YzAiOnsiY3JlYXRlIjoxODAwMDAwMDAwMDAwLCJkZWxldGUiOjE4MDAwMDAwMDAwMDAsInJlYWQiOjMwMDAwMDAwMDAwMCwidXBkYXRlIjoxODAwMDAwMDAwMDAwfX0=",
          "dependencies": [
            "azurerm_resource_group.rg"
          ]
        }
      ]
    },
    {
      "mode": "managed",
      "type": "azurerm_private_dns_zone",
      "name": "tf_dns_zone",
      "provider": "provider[\"registry.terraform.io/hashicorp/azurerm\"]",
      "instances": [
        {
          "schema_version": 0,
          "attributes": {
            "id": "/subscriptions/545f15bc-89a7-4d92-8c7f-5e8bd37b3d0d/resourceGroups/TF-RG/providers/Microsoft.Network/privateDnsZones/private.mysql.database.azure.com",
            "max_number_of_record_sets": 25000,
            "max_number_of_virtual_network_links": 1000,
            "max_number_of_virtual_network_links_with_registration": 100,
            "name": "private.mysql.database.azure.com",
            "number_of_record_sets": 2,
            "resource_group_name": "TF-RG",
            "soa_record": [
              {
                "email": "azureprivatedns-host.microsoft.com",
                "expire_time": 2419200,
                "fqdn": "private.mysql.database.azure.com.",
                "host_name": "azureprivatedns.net",
                "minimum_ttl": 10,
                "refresh_time": 3600,
                "retry_time": 300,
                "serial_number": 1,
                "tags": {},
                "ttl": 3600
              }
            ],
            "tags": {},
            "timeouts": null
          },
          "sensitive_attributes": [],
          "private": "eyJlMmJmYjczMC1lY2FhLTExZTYtOGY4OC0zNDM2M2JjN2M0YzAiOnsiY3JlYXRlIjoxODAwMDAwMDAwMDAwLCJkZWxldGUiOjE4MDAwMDAwMDAwMDAsInJlYWQiOjMwMDAwMDAwMDAwMCwidXBkYXRlIjoxODAwMDAwMDAwMDAwfX0=",
          "dependencies": [
            "azurerm_resource_group.rg"
          ]
        }
      ]
    },
    {
      "mode": "managed",
      "type": "azurerm_private_dns_zone_virtual_network_link",
      "name": "vnet_link",
      "provider": "provider[\"registry.terraform.io/hashicorp/azurerm\"]",
      "instances": [
        {
          "schema_version": 0,
          "attributes": {
            "id": "/subscriptions/545f15bc-89a7-4d92-8c7f-5e8bd37b3d0d/resourceGroups/TF-RG/providers/Microsoft.Network/privateDnsZones/private.mysql.database.azure.com/virtualNetworkLinks/tf-vnet-link",
            "name": "tf-vnet-link",
            "private_dns_zone_name": "private.mysql.database.azure.com",
            "registration_enabled": false,
            "resource_group_name": "TF-RG",
            "tags": {},
            "timeouts": null,
            "virtual_network_id": "/subscriptions/545f15bc-89a7-4d92-8c7f-5e8bd37b3d0d/resourceGroups/TF-RG/providers/Microsoft.Network/virtualNetworks/tfVnet"
          },
          "sensitive_attributes": [],
          "private": "eyJlMmJmYjczMC1lY2FhLTExZTYtOGY4OC0zNDM2M2JjN2M0YzAiOnsiY3JlYXRlIjoxODAwMDAwMDAwMDAwLCJkZWxldGUiOjE4MDAwMDAwMDAwMDAsInJlYWQiOjMwMDAwMDAwMDAwMCwidXBkYXRlIjoxODAwMDAwMDAwMDAwfX0=",
          "dependencies": [
            "azurerm_private_dns_zone.tf_dns_zone",
            "azurerm_resource_group.rg",
            "azurerm_virtual_network.terraform_vnet"
          ]
        }
      ]
    },
    {
      "mode": "managed",
      "type": "azurerm_public_ip",
      "name": "terraform_public_ip",
      "provider": "provider[\"registry.terraform.io/hashicorp/azurerm\"]",
      "instances": [
        {
          "schema_version": 0,
          "attributes": {
            "allocation_method": "Dynamic",
            "ddos_protection_mode": "VirtualNetworkInherited",
            "ddos_protection_plan_id": null,
            "domain_name_label": "tf-vm-wordpress",
            "edge_zone": "",
            "fqdn": "tf-vm-wordpress.northeurope.cloudapp.azure.com",
            "id": "/subscriptions/545f15bc-89a7-4d92-8c7f-5e8bd37b3d0d/resourceGroups/TF-RG/providers/Microsoft.Network/publicIPAddresses/tfPublicIP",
            "idle_timeout_in_minutes": 4,
            "ip_address": "13.74.56.205",
            "ip_tags": {},
            "ip_version": "IPv4",
            "location": "northeurope",
            "name": "tfPublicIP",
            "public_ip_prefix_id": null,
            "resource_group_name": "TF-RG",
            "reverse_fqdn": "",
            "sku": "Basic",
            "sku_tier": "Regional",
            "tags": {},
            "timeouts": null,
            "zones": []
          },
          "sensitive_attributes": [],
          "private": "eyJlMmJmYjczMC1lY2FhLTExZTYtOGY4OC0zNDM2M2JjN2M0YzAiOnsiY3JlYXRlIjoxODAwMDAwMDAwMDAwLCJkZWxldGUiOjE4MDAwMDAwMDAwMDAsInJlYWQiOjMwMDAwMDAwMDAwMCwidXBkYXRlIjoxODAwMDAwMDAwMDAwfX0=",
          "dependencies": [
            "azurerm_resource_group.rg"
          ]
        }
      ]
    },
    {
      "mode": "managed",
      "type": "azurerm_resource_group",
      "name": "rg",
      "provider": "provider[\"registry.terraform.io/hashicorp/azurerm\"]",
      "instances": [
        {
          "schema_version": 0,
          "attributes": {
            "id": "/subscriptions/545f15bc-89a7-4d92-8c7f-5e8bd37b3d0d/resourceGroups/TF-RG",
            "location": "northeurope",
            "managed_by": "",
            "name": "TF-RG",
            "tags": {},
            "timeouts": null
          },
          "sensitive_attributes": [],
          "private": "eyJlMmJmYjczMC1lY2FhLTExZTYtOGY4OC0zNDM2M2JjN2M0YzAiOnsiY3JlYXRlIjo1NDAwMDAwMDAwMDAwLCJkZWxldGUiOjU0MDAwMDAwMDAwMDAsInJlYWQiOjMwMDAwMDAwMDAwMCwidXBkYXRlIjo1NDAwMDAwMDAwMDAwfX0="
        }
      ]
    },
    {
      "mode": "managed",
      "type": "azurerm_subnet",
      "name": "terraform_private_subnet",
      "provider": "provider[\"registry.terraform.io/hashicorp/azurerm\"]",
      "instances": [
        {
          "schema_version": 0,
          "attributes": {
            "address_prefixes": [
              "10.0.5.0/24"
            ],
            "default_outbound_access_enabled": true,
            "delegation": [
              {
                "name": "fs",
                "service_delegation": [
                  {
                    "actions": [
                      "Microsoft.Network/virtualNetworks/subnets/join/action"
                    ],
                    "name": "Microsoft.DBforMySQL/flexibleServers"
                  }
                ]
              }
            ],
            "enforce_private_link_endpoint_network_policies": false,
            "enforce_private_link_service_network_policies": false,
            "id": "/subscriptions/545f15bc-89a7-4d92-8c7f-5e8bd37b3d0d/resourceGroups/TF-RG/providers/Microsoft.Network/virtualNetworks/tfVnet/subnets/tfSubnetPrivate",
            "name": "tfSubnetPrivate",
            "private_endpoint_network_policies": "Enabled",
            "private_endpoint_network_policies_enabled": true,
            "private_link_service_network_policies_enabled": true,
            "resource_group_name": "TF-RG",
            "service_endpoint_policy_ids": [],
            "service_endpoints": [
              "Microsoft.Storage"
            ],
            "timeouts": null,
            "virtual_network_name": "tfVnet"
          },
          "sensitive_attributes": [],
          "private": "eyJlMmJmYjczMC1lY2FhLTExZTYtOGY4OC0zNDM2M2JjN2M0YzAiOnsiY3JlYXRlIjoxODAwMDAwMDAwMDAwLCJkZWxldGUiOjE4MDAwMDAwMDAwMDAsInJlYWQiOjMwMDAwMDAwMDAwMCwidXBkYXRlIjoxODAwMDAwMDAwMDAwfX0=",
          "dependencies": [
            "azurerm_resource_group.rg",
            "azurerm_virtual_network.terraform_vnet"
          ]
        }
      ]
    },
    {
      "mode": "managed",
      "type": "azurerm_subnet",
      "name": "terraform_public_subnet",
      "provider": "provider[\"registry.terraform.io/hashicorp/azurerm\"]",
      "instances": [
        {
          "schema_version": 0,
          "attributes": {
            "address_prefixes": [
              "10.0.3.0/24"
            ],
            "default_outbound_access_enabled": true,
            "delegation": [],
            "enforce_private_link_endpoint_network_policies": false,
            "enforce_private_link_service_network_policies": false,
            "id": "/subscriptions/545f15bc-89a7-4d92-8c7f-5e8bd37b3d0d/resourceGroups/TF-RG/providers/Microsoft.Network/virtualNetworks/tfVnet/subnets/tfSubnetPublic",
            "name": "tfSubnetPublic",
            "private_endpoint_network_policies": "Enabled",
            "private_endpoint_network_policies_enabled": true,
            "private_link_service_network_policies_enabled": true,
            "resource_group_name": "TF-RG",
            "service_endpoint_policy_ids": [],
            "service_endpoints": [],
            "timeouts": null,
            "virtual_network_name": "tfVnet"
          },
          "sensitive_attributes": [],
          "private": "eyJlMmJmYjczMC1lY2FhLTExZTYtOGY4OC0zNDM2M2JjN2M0YzAiOnsiY3JlYXRlIjoxODAwMDAwMDAwMDAwLCJkZWxldGUiOjE4MDAwMDAwMDAwMDAsInJlYWQiOjMwMDAwMDAwMDAwMCwidXBkYXRlIjoxODAwMDAwMDAwMDAwfX0=",
          "dependencies": [
            "azurerm_resource_group.rg",
            "azurerm_virtual_network.terraform_vnet"
          ]
        }
      ]
    },
    {
      "mode": "managed",
      "type": "azurerm_virtual_network",
      "name": "terraform_vnet",
      "provider": "provider[\"registry.terraform.io/hashicorp/azurerm\"]",
      "instances": [
        {
          "schema_version": 0,
          "attributes": {
            "address_space": [
              "10.0.0.0/16"
            ],
            "bgp_community": "",
            "ddos_protection_plan": [],
            "dns_servers": [],
            "edge_zone": "",
            "encryption": [],
            "flow_timeout_in_minutes": 0,
            "guid": "b118b627-bbde-4706-8a52-185ae4c1c8e4",
            "id": "/subscriptions/545f15bc-89a7-4d92-8c7f-5e8bd37b3d0d/resourceGroups/TF-RG/providers/Microsoft.Network/virtualNetworks/tfVnet",
            "location": "northeurope",
            "name": "tfVnet",
            "resource_group_name": "TF-RG",
            "subnet": [
              {
                "address_prefix": "10.0.3.0/24",
                "id": "/subscriptions/545f15bc-89a7-4d92-8c7f-5e8bd37b3d0d/resourceGroups/TF-RG/providers/Microsoft.Network/virtualNetworks/tfVnet/subnets/tfSubnetPublic",
                "name": "tfSubnetPublic",
                "security_group": ""
              },
              {
                "address_prefix": "10.0.5.0/24",
                "id": "/subscriptions/545f15bc-89a7-4d92-8c7f-5e8bd37b3d0d/resourceGroups/TF-RG/providers/Microsoft.Network/virtualNetworks/tfVnet/subnets/tfSubnetPrivate",
                "name": "tfSubnetPrivate",
                "security_group": ""
              }
            ],
            "tags": {},
            "timeouts": null
          },
          "sensitive_attributes": [],
          "private": "eyJlMmJmYjczMC1lY2FhLTExZTYtOGY4OC0zNDM2M2JjN2M0YzAiOnsiY3JlYXRlIjoxODAwMDAwMDAwMDAwLCJkZWxldGUiOjE4MDAwMDAwMDAwMDAsInJlYWQiOjMwMDAwMDAwMDAwMCwidXBkYXRlIjoxODAwMDAwMDAwMDAwfX0=",
          "dependencies": [
            "azurerm_resource_group.rg"
          ]
        }
      ]
    },
    {
      "mode": "managed",
      "type": "local_file",
      "name": "private_key",
      "provider": "provider[\"registry.terraform.io/hashicorp/local\"]",
      "instances": [
        {
          "schema_version": 0,
          "attributes": {
            "content": "-----BEGIN RSA PRIVATE KEY-----\nMIIJKAIBAAKCAgEA89rVafJkt8iEDkFgubm/4kMtYmKj/cCPMqdDF7JlCnv//eox\n/KQ81Aa8UrzEPK6IUSZfDv8zF0Mi7zVc3+RvbdmOgsr61Db3AE31ndRsH+o6ppup\nxSe5/akYIPr7bdNiGC6/a5YHbO4qCbtszEtpCZk3OZVjoQuJZng5UKLLktUsizYn\nju2j0sdqEcFbn41gCaV1KHpO2B8g3iJ34uktiwgZjRXvH5H8UjYGDH7QGTgz0S+5\nLUUcvcz5+AZCOaJvL3KgDHfHT+i69/1XNI+WzPhGzApKdGmHAEL5jWgbCm0dYmEC\n/wA/ei+vPKGUJGLDWXkaNCWMVzIZ9KdXbz8mYOEcQO7BQRKHjFBLV2Q0TiT4IcW2\nO4qIQaSYvYRszM8YpmiJQmZ9n2ERIskpbKJnJT8kgHdxm+Yd3RCcwLx5yGoWke7H\n+26nUEndWJsRutbMP+XyVtWheuYVQufSCQVCqXf36El36DqL0Oh8kMNuOAUujWiJ\ncljRxY+/EeBP0FeV8+HPNcYHVBx7MSauSe4LN4U4onT9jYqau0FO/PNecz4PFEUM\nQlUQ9a4KfmzDZrjue93wQNL1pxXSXgCD9Nhnai8sGmuFp7TELB1uawhJdzNhx2al\nyVlDsAjgPRk5/x1yn4IHaMS9TrzKMBaZp8q94c+9IX7ZzK6o+cB0P2/kGfECAwEA\nAQKCAgAbT6sPTqKRItgHcLMQmgkvoi53Em0jgmmHVsxg3w4J+pFVMuGeVhap+Icn\nDRU9Zp7F1/JVj6d9N3u2JtfcC42fU/puE6W8FtvbIOAdaSki+ezPtCdzeVuPWVzm\ndLWsOzyFUNcHiaoTPSlgJamtx9RfytUwkdaytsQQwe5JZbI/I7j1bn9Htr3eYY8z\npeBJImBbNDjG68vg0LuxpVKgC1WaeLHD52z8sDD+VCahR6Ku8Gh9SUcIFvF9IHPu\nn2TTZ6nkOoZKXy/ndz1ZgPo/XMWa90OWnqBwIVGJafbhK4O7yzS7S/o17SUu3iBW\nPhKFcLpITxPsOzhYm7fkesmEICKABzxw9j36q++2bc5o3XoPzelQBb/YoT8VMB9+\nr4cp+1ULCIMNy98CgmFm2cahS08SjZTVtlN5o/Xco2R5JLt4jZWPXBzoBpnn0ARC\ngP/XhDLYA2mx5KeuOTj6hgHpIRHkeedKyQZP143CW+z8SNfMWIV0AfcGKFh5A2I7\n9h3bQATKWzJHV5DBj6WUOvj1HCxSa9ET4uAlcqjmJytpF1B+8ljnomraSXluFCOO\n/kuPKrgjJN6BwYExz68rQsDHcjWTxVyGpBeidlDfNa5rae/EIqBrZcppBvy7ul3N\nhWEjrH7WTa4lK08qtES2CpUEErJNXUu1zXGzBPGe0uhlKfChQQKCAQEA/mS+Tap6\nw9/1ImYhnZex56K4A5VXnPzEG1ssRu9G5uDNN6wSCRj8X5Ur53KcWEeL+7PT2HKd\nFzoD3YXvOjiLPlQ3iM45mPeKjnXMY9ScLX1+UFvYGnOkW0E0OBLTnPIjlUwAZBuv\nfV9l1lF6xpYj86Hhi9WhKPDpIPgaWyvRtoPWZV/vQggXXBzjHJee/1pWA2MYmDXh\ncBHOQGN6VJFoaSsNuVejAU1nsVTaidVfR1U4nh0p1PCN6cGYtGdwlV7FjQ/qweR0\nMaxGXQIOgWxkAOtKvoI1piJluFGZYeUUQRDeqIRbSN7Sr83ZBn17ku8+DDpV6WGu\nQOkt6EpLciTt5QKCAQEA9WUNoG2oPvJJAD8ZvQXlNDoAdhmxP3Ju6lC4wWbesAei\nlqIYi9JZBGrDA0jF5fFbKKz3kSSqAYyiVB03lnZY5YMfU9SA1ydjK9i91lZaXror\nz9fhJJfnh+0tjbECPjd/MjM0wTBiqpAZ0VG5ArNYjny/sVlFa6LfFqIowTSwKM/n\noscT8udXhfGhlh1cfRSKK1sPPDQPVinAf2aMbjI/U9l+RL96w6kQO/1g23JfZREt\nCD4Ah+RWYtvLOqvbEnLhW15QSUnrLZjj/Q2YpJuSoBkVnyW1+Gel3UTXyB6cifvQ\nUTIJqpfSkPtsJ00v/qo5wCANz4XGTlZVzQfFUEYbHQKCAQBi86TiaPGfxzl+y+M/\nfYYB59VT739I3TkauvgaD3Cw1bh9cz0AtOtV8pxFRttxq0LUATrh8pMQOczPGg3X\nw67F69Q+LplQ2tjWWRPLsSOevjWn5FHG2DySEmbReOE/JyCYLhvo1KwKRFVEbCUp\nobUSS2GEFvC9EBhebqMx23WTXOzEOfDC6orLlaDxujhqcyUJ5D3o1ux9vy9O9GLd\nCkJmxgxsj54kH4u5+puXCZwqDwga2JUw8vEAgAF6CtJMB7UoDYzvJoHb4HruKqKh\nzRuJD/ze5Z8gpDiU3Yif/49FT96MBg/L5IBnSdalI6IxoUWtU/Oe+BPjw8/LjzqR\nh7PRAoIBADKOdTY+IVGGnR+d4HGfC0+tO3cZZ/kIXG2N3+KIjQx7JjYegywbVBei\n3zaIAa2UAhHpQL/4a8YR8UefFVq8Wyg90XB18W1iQf5AkyvbcpbdiDUz5sChQyQv\n6xisBShISr5O6ml6zHkTYx5K1fEGfhItBVlGaRT54zhIhFj5v+lInBJfLW731oJT\n+9RvjCSA3M593i+rEhXQWEZnHDt/wqhFwMvtHx+8bwnM8+2CLMEnvr1Z+MYGdv27\nBq25xlKQtHkcfzH6NqeYPjBeYrpXCuhNArVdEZZx1Cw4CLTECcArzwlLY85vpQQV\nqHyYXHD9JRS+BdphVy/AfcDV/wLAzskCggEBAOWTdVi7eh0OSWHbvyAtBCMBHrRj\n6w+6yfsAoNvAUXZs/aa/Vpx6xh+hAAQ9dc0Fy7pwvy6Ijy50Gerqb5m/G83ttYmE\nqutCiO+pb+bNN66OrIPGrKRzfNrJMUXljUc6q7BS/osEr3GEJCoV0lveVghwAjXa\n1fSz6VEAvdsyxaWqFRaS/1zXGT4PS5QoP8FKCZq3WemWb5gyXJn9P6EQF4OOzNtU\nyvBrSyCFlPDNYmkKpOFpPRJrWHdJp+OmVKf4hje8oA/hecvOU9LAxpFNV/BmEY+F\nEjsaxfWLrQsQZq0LGvQ5lDSt6PngC/oO7UBOjc9RoEM8/urH1nbDmJosGx8=\n-----END RSA PRIVATE KEY-----\n",
            "content_base64": null,
            "content_base64sha256": "8MmnUoc756+WAByYg+lQTE8ikSyrmVrXiSA8fvhkaVA=",
            "content_base64sha512": "JOn4u8Cqmh1fD7qSY1SEDX2mwRad76i53ppG34D06ajm7pGtdoj0k5AFDOqOwV/mB71aGHZn96b2GilQOdi+Vw==",
            "content_md5": "6b35f9eaf8b6cdf8c098d58752d57601",
            "content_sha1": "b7bb906af091e83de073d3045b23c52d7934ec9c",
            "content_sha256": "f0c9a752873be7af96001c9883e9504c4f22912cab995ad789203c7ef8646950",
            "content_sha512": "24e9f8bbc0aa9a1d5f0fba926354840d7da6c1169defa8b9de9a46df80f4e9a8e6ee91ad7688f49390050cea8ec15fe607bd5a187667f7a6f61a295039d8be57",
            "directory_permission": "0777",
            "file_permission": "0777",
            "filename": "./id_rsa.pem",
            "id": "b7bb906af091e83de073d3045b23c52d7934ec9c",
            "sensitive_content": null,
            "source": null
          },
          "sensitive_attributes": [
            [
              {
                "type": "get_attr",
                "value": "sensitive_content"
              }
            ],
            [
              {
                "type": "get_attr",
                "value": "content"
              }
            ]
          ],
          "dependencies": [
            "tls_private_key.ssh_key"
          ]
        }
      ]
    },
    {
      "mode": "managed",
      "type": "local_file",
      "name": "public_key",
      "provider": "provider[\"registry.terraform.io/hashicorp/local\"]",
      "instances": [
        {
          "schema_version": 0,
          "attributes": {
            "content": "ssh-rsa AAAAB3NzaC1yc2EAAAADAQABAAACAQDz2tVp8mS3yIQOQWC5ub/iQy1iYqP9wI8yp0MXsmUKe//96jH8pDzUBrxSvMQ8rohRJl8O/zMXQyLvNVzf5G9t2Y6CyvrUNvcATfWd1Gwf6jqmm6nFJ7n9qRgg+vtt02IYLr9rlgds7ioJu2zMS2kJmTc5lWOhC4lmeDlQosuS1SyLNieO7aPSx2oRwVufjWAJpXUoek7YHyDeInfi6S2LCBmNFe8fkfxSNgYMftAZODPRL7ktRRy9zPn4BkI5om8vcqAMd8dP6Lr3/Vc0j5bM+EbMCkp0aYcAQvmNaBsKbR1iYQL/AD96L688oZQkYsNZeRo0JYxXMhn0p1dvPyZg4RxA7sFBEoeMUEtXZDROJPghxbY7iohBpJi9hGzMzximaIlCZn2fYREiySlsomclPySAd3Gb5h3dEJzAvHnIahaR7sf7bqdQSd1YmxG61sw/5fJW1aF65hVC59IJBUKpd/foSXfoOovQ6HyQw244BS6NaIlyWNHFj78R4E/QV5Xz4c81xgdUHHsxJq5J7gs3hTiidP2Nipq7QU78815zPg8URQxCVRD1rgp+bMNmuO573fBA0vWnFdJeAIP02GdqLywaa4WntMQsHW5rCEl3M2HHZqXJWUOwCOA9GTn/HXKfggdoxL1OvMowFpmnyr3hz70hftnMrqj5wHQ/b+QZ8Q==\n",
            "content_base64": null,
            "content_base64sha256": "S9Bljsm1L8GSuaSGDjvFbtomM08ppYYiITqWMBmxuxw=",
            "content_base64sha512": "cSZYnwNPZ8utZOFLuoHxOXSTz7YVueq88HwEK424IG2ublG2hCsupBBuVrTnbSRYMr2CkPduvTsbOub9b9qKDA==",
            "content_md5": "da87f71aa99c08f7efd33b7afc55ba14",
            "content_sha1": "1d3d3483c61b991be42beedc2a608b997b4fb94c",
            "content_sha256": "4bd0658ec9b52fc192b9a4860e3bc56eda26334f29a58622213a963019b1bb1c",
            "content_sha512": "7126589f034f67cbad64e14bba81f1397493cfb615b9eabcf07c042b8db8206dae6e51b6842b2ea4106e56b4e76d245832bd8290f76ebd3b1b3ae6fd6fda8a0c",
            "directory_permission": "0777",
            "file_permission": "0777",
            "filename": "./id_rsa.pub",
            "id": "1d3d3483c61b991be42beedc2a608b997b4fb94c",
            "sensitive_content": null,
            "source": null
          },
          "sensitive_attributes": [
            [
              {
                "type": "get_attr",
                "value": "sensitive_content"
              }
            ]
          ],
          "dependencies": [
            "tls_private_key.ssh_key"
          ]
        }
      ]
    },
    {
      "mode": "managed",
      "type": "tls_private_key",
      "name": "ssh_key",
      "provider": "provider[\"registry.terraform.io/hashicorp/tls\"]",
      "instances": [
        {
          "schema_version": 1,
          "attributes": {
            "algorithm": "RSA",
            "ecdsa_curve": "P224",
            "id": "467b46584c6c4ee8f38cf0d525bfb68fb7592594",
            "private_key_openssh": "-----BEGIN OPENSSH PRIVATE KEY-----\nb3BlbnNzaC1rZXktdjEAAAAABG5vbmUAAAAEbm9uZQAAAAAAAAABAAACFwAAAAdz\nc2gtcnNhAAAAAwEAAQAAAgEA89rVafJkt8iEDkFgubm/4kMtYmKj/cCPMqdDF7Jl\nCnv//eox/KQ81Aa8UrzEPK6IUSZfDv8zF0Mi7zVc3+RvbdmOgsr61Db3AE31ndRs\nH+o6ppupxSe5/akYIPr7bdNiGC6/a5YHbO4qCbtszEtpCZk3OZVjoQuJZng5UKLL\nktUsizYnju2j0sdqEcFbn41gCaV1KHpO2B8g3iJ34uktiwgZjRXvH5H8UjYGDH7Q\nGTgz0S+5LUUcvcz5+AZCOaJvL3KgDHfHT+i69/1XNI+WzPhGzApKdGmHAEL5jWgb\nCm0dYmEC/wA/ei+vPKGUJGLDWXkaNCWMVzIZ9KdXbz8mYOEcQO7BQRKHjFBLV2Q0\nTiT4IcW2O4qIQaSYvYRszM8YpmiJQmZ9n2ERIskpbKJnJT8kgHdxm+Yd3RCcwLx5\nyGoWke7H+26nUEndWJsRutbMP+XyVtWheuYVQufSCQVCqXf36El36DqL0Oh8kMNu\nOAUujWiJcljRxY+/EeBP0FeV8+HPNcYHVBx7MSauSe4LN4U4onT9jYqau0FO/PNe\ncz4PFEUMQlUQ9a4KfmzDZrjue93wQNL1pxXSXgCD9Nhnai8sGmuFp7TELB1uawhJ\ndzNhx2alyVlDsAjgPRk5/x1yn4IHaMS9TrzKMBaZp8q94c+9IX7ZzK6o+cB0P2/k\nGfEAAAc43eXaZ93l2mcAAAAHc3NoLXJzYQAAAgEA89rVafJkt8iEDkFgubm/4kMt\nYmKj/cCPMqdDF7JlCnv//eox/KQ81Aa8UrzEPK6IUSZfDv8zF0Mi7zVc3+RvbdmO\ngsr61Db3AE31ndRsH+o6ppupxSe5/akYIPr7bdNiGC6/a5YHbO4qCbtszEtpCZk3\nOZVjoQuJZng5UKLLktUsizYnju2j0sdqEcFbn41gCaV1KHpO2B8g3iJ34uktiwgZ\njRXvH5H8UjYGDH7QGTgz0S+5LUUcvcz5+AZCOaJvL3KgDHfHT+i69/1XNI+WzPhG\nzApKdGmHAEL5jWgbCm0dYmEC/wA/ei+vPKGUJGLDWXkaNCWMVzIZ9KdXbz8mYOEc\nQO7BQRKHjFBLV2Q0TiT4IcW2O4qIQaSYvYRszM8YpmiJQmZ9n2ERIskpbKJnJT8k\ngHdxm+Yd3RCcwLx5yGoWke7H+26nUEndWJsRutbMP+XyVtWheuYVQufSCQVCqXf3\n6El36DqL0Oh8kMNuOAUujWiJcljRxY+/EeBP0FeV8+HPNcYHVBx7MSauSe4LN4U4\nonT9jYqau0FO/PNecz4PFEUMQlUQ9a4KfmzDZrjue93wQNL1pxXSXgCD9Nhnai8s\nGmuFp7TELB1uawhJdzNhx2alyVlDsAjgPRk5/x1yn4IHaMS9TrzKMBaZp8q94c+9\nIX7ZzK6o+cB0P2/kGfEAAAADAQABAAACABtPqw9OopEi2AdwsxCaCS+iLncSbSOC\naYdWzGDfDgn6kVUy4Z5WFqn4hycNFT1mnsXX8lWPp303e7Ym19wLjZ9T+m4TpbwW\n29sg4B1pKSL57M+0J3N5W49ZXOZ0taw7PIVQ1weJqhM9KWAlqa3H1F/K1TCR1rK2\nxBDB7kllsj8juPVuf0e2vd5hjzOl4EkiYFs0OMbry+DQu7GlUqALVZp4scPnbPyw\nMP5UJqFHoq7waH1JRwgW8X0gc+6fZNNnqeQ6hkpfL+d3PVmA+j9cxZr3Q5aeoHAh\nUYlp9uErg7vLNLtL+jXtJS7eIFY+EoVwukhPE+w7OFibt+R6yYQgIoAHPHD2Pfqr\n77Ztzmjdeg/N6VAFv9ihPxUwH36vhyn7VQsIgw3L3wKCYWbZxqFLTxKNlNW2U3mj\n9dyjZHkku3iNlY9cHOgGmefQBEKA/9eEMtgDabHkp645OPqGAekhEeR550rJBk/X\njcJb7PxI18xYhXQB9wYoWHkDYjv2HdtABMpbMkdXkMGPpZQ6+PUcLFJr0RPi4CVy\nqOYnK2kXUH7yWOeiatpJeW4UI47+S48quCMk3oHBgTHPrytCwMdyNZPFXIakF6J2\nUN81rmtp78QioGtlymkG/Lu6Xc2FYSOsftZNriUrTyq0RLYKlQQSsk1dS7XNcbME\n8Z7S6GUp8KFBAAABAQDlk3VYu3odDklh278gLQQjAR60Y+sPusn7AKDbwFF2bP2m\nv1acesYfoQAEPXXNBcu6cL8uiI8udBnq6m+ZvxvN7bWJhKrrQojvqW/mzTeujqyD\nxqykc3zayTFF5Y1HOquwUv6LBK9xhCQqFdJb3lYIcAI12tX0s+lRAL3bMsWlqhUW\nkv9c1xk+D0uUKD/BSgmat1nplm+YMlyZ/T+hEBeDjszbVMrwa0sghZTwzWJpCqTh\naT0Sa1h3SafjplSn+IY3vKAP4XnLzlPSwMaRTVfwZhGPhRI7GsX1i60LEGatCxr0\nOZQ0rej54Av6Du1ATo3PUaBDPP7qx9Z2w5iaLBsfAAABAQD+ZL5NqnrD3/UiZiGd\nl7HnorgDlVec/MQbWyxG70bm4M03rBIJGPxflSvncpxYR4v7s9PYcp0XOgPdhe86\nOIs+VDeIzjmY94qOdcxj1JwtfX5QW9gac6RbQTQ4EtOc8iOVTABkG699X2XWUXrG\nliPzoeGL1aEo8Okg+BpbK9G2g9ZlX+9CCBdcHOMcl57/WlYDYxiYNeFwEc5AY3pU\nkWhpKw25V6MBTWexVNqJ1V9HVTieHSnU8I3pwZi0Z3CVXsWND+rB5HQxrEZdAg6B\nbGQA60q+gjWmImW4UZlh5RRBEN6ohFtI3tKvzdkGfXuS7z4MOlXpYa5A6S3oSkty\nJO3lAAABAQD1ZQ2gbag+8kkAPxm9BeU0OgB2GbE/cm7qULjBZt6wB6KWohiL0lkE\nasMDSMXl8VsorPeRJKoBjKJUHTeWdljlgx9T1IDXJ2Mr2L3WVlpeuivP1+Ekl+eH\n7S2NsQI+N38yMzTBMGKqkBnRUbkCs1iOfL+xWUVrot8WoijBNLAoz+eixxPy51eF\n8aGWHVx9FIorWw88NA9WKcB/ZoxuMj9T2X5Ev3rDqRA7/WDbcl9lES0IPgCH5FZi\n28s6q9sScuFbXlBJSestmOP9DZikm5KgGRWfJbX4Z6XdRNfIHpyJ+9BRMgmql9KQ\n+2wnTS/+qjnAIA3PhcZOVlXNB8VQRhsdAAAAAAEC\n-----END OPENSSH PRIVATE KEY-----\n",
            "private_key_pem": "-----BEGIN RSA PRIVATE KEY-----\nMIIJKAIBAAKCAgEA89rVafJkt8iEDkFgubm/4kMtYmKj/cCPMqdDF7JlCnv//eox\n/KQ81Aa8UrzEPK6IUSZfDv8zF0Mi7zVc3+RvbdmOgsr61Db3AE31ndRsH+o6ppup\nxSe5/akYIPr7bdNiGC6/a5YHbO4qCbtszEtpCZk3OZVjoQuJZng5UKLLktUsizYn\nju2j0sdqEcFbn41gCaV1KHpO2B8g3iJ34uktiwgZjRXvH5H8UjYGDH7QGTgz0S+5\nLUUcvcz5+AZCOaJvL3KgDHfHT+i69/1XNI+WzPhGzApKdGmHAEL5jWgbCm0dYmEC\n/wA/ei+vPKGUJGLDWXkaNCWMVzIZ9KdXbz8mYOEcQO7BQRKHjFBLV2Q0TiT4IcW2\nO4qIQaSYvYRszM8YpmiJQmZ9n2ERIskpbKJnJT8kgHdxm+Yd3RCcwLx5yGoWke7H\n+26nUEndWJsRutbMP+XyVtWheuYVQufSCQVCqXf36El36DqL0Oh8kMNuOAUujWiJ\ncljRxY+/EeBP0FeV8+HPNcYHVBx7MSauSe4LN4U4onT9jYqau0FO/PNecz4PFEUM\nQlUQ9a4KfmzDZrjue93wQNL1pxXSXgCD9Nhnai8sGmuFp7TELB1uawhJdzNhx2al\nyVlDsAjgPRk5/x1yn4IHaMS9TrzKMBaZp8q94c+9IX7ZzK6o+cB0P2/kGfECAwEA\nAQKCAgAbT6sPTqKRItgHcLMQmgkvoi53Em0jgmmHVsxg3w4J+pFVMuGeVhap+Icn\nDRU9Zp7F1/JVj6d9N3u2JtfcC42fU/puE6W8FtvbIOAdaSki+ezPtCdzeVuPWVzm\ndLWsOzyFUNcHiaoTPSlgJamtx9RfytUwkdaytsQQwe5JZbI/I7j1bn9Htr3eYY8z\npeBJImBbNDjG68vg0LuxpVKgC1WaeLHD52z8sDD+VCahR6Ku8Gh9SUcIFvF9IHPu\nn2TTZ6nkOoZKXy/ndz1ZgPo/XMWa90OWnqBwIVGJafbhK4O7yzS7S/o17SUu3iBW\nPhKFcLpITxPsOzhYm7fkesmEICKABzxw9j36q++2bc5o3XoPzelQBb/YoT8VMB9+\nr4cp+1ULCIMNy98CgmFm2cahS08SjZTVtlN5o/Xco2R5JLt4jZWPXBzoBpnn0ARC\ngP/XhDLYA2mx5KeuOTj6hgHpIRHkeedKyQZP143CW+z8SNfMWIV0AfcGKFh5A2I7\n9h3bQATKWzJHV5DBj6WUOvj1HCxSa9ET4uAlcqjmJytpF1B+8ljnomraSXluFCOO\n/kuPKrgjJN6BwYExz68rQsDHcjWTxVyGpBeidlDfNa5rae/EIqBrZcppBvy7ul3N\nhWEjrH7WTa4lK08qtES2CpUEErJNXUu1zXGzBPGe0uhlKfChQQKCAQEA/mS+Tap6\nw9/1ImYhnZex56K4A5VXnPzEG1ssRu9G5uDNN6wSCRj8X5Ur53KcWEeL+7PT2HKd\nFzoD3YXvOjiLPlQ3iM45mPeKjnXMY9ScLX1+UFvYGnOkW0E0OBLTnPIjlUwAZBuv\nfV9l1lF6xpYj86Hhi9WhKPDpIPgaWyvRtoPWZV/vQggXXBzjHJee/1pWA2MYmDXh\ncBHOQGN6VJFoaSsNuVejAU1nsVTaidVfR1U4nh0p1PCN6cGYtGdwlV7FjQ/qweR0\nMaxGXQIOgWxkAOtKvoI1piJluFGZYeUUQRDeqIRbSN7Sr83ZBn17ku8+DDpV6WGu\nQOkt6EpLciTt5QKCAQEA9WUNoG2oPvJJAD8ZvQXlNDoAdhmxP3Ju6lC4wWbesAei\nlqIYi9JZBGrDA0jF5fFbKKz3kSSqAYyiVB03lnZY5YMfU9SA1ydjK9i91lZaXror\nz9fhJJfnh+0tjbECPjd/MjM0wTBiqpAZ0VG5ArNYjny/sVlFa6LfFqIowTSwKM/n\noscT8udXhfGhlh1cfRSKK1sPPDQPVinAf2aMbjI/U9l+RL96w6kQO/1g23JfZREt\nCD4Ah+RWYtvLOqvbEnLhW15QSUnrLZjj/Q2YpJuSoBkVnyW1+Gel3UTXyB6cifvQ\nUTIJqpfSkPtsJ00v/qo5wCANz4XGTlZVzQfFUEYbHQKCAQBi86TiaPGfxzl+y+M/\nfYYB59VT739I3TkauvgaD3Cw1bh9cz0AtOtV8pxFRttxq0LUATrh8pMQOczPGg3X\nw67F69Q+LplQ2tjWWRPLsSOevjWn5FHG2DySEmbReOE/JyCYLhvo1KwKRFVEbCUp\nobUSS2GEFvC9EBhebqMx23WTXOzEOfDC6orLlaDxujhqcyUJ5D3o1ux9vy9O9GLd\nCkJmxgxsj54kH4u5+puXCZwqDwga2JUw8vEAgAF6CtJMB7UoDYzvJoHb4HruKqKh\nzRuJD/ze5Z8gpDiU3Yif/49FT96MBg/L5IBnSdalI6IxoUWtU/Oe+BPjw8/LjzqR\nh7PRAoIBADKOdTY+IVGGnR+d4HGfC0+tO3cZZ/kIXG2N3+KIjQx7JjYegywbVBei\n3zaIAa2UAhHpQL/4a8YR8UefFVq8Wyg90XB18W1iQf5AkyvbcpbdiDUz5sChQyQv\n6xisBShISr5O6ml6zHkTYx5K1fEGfhItBVlGaRT54zhIhFj5v+lInBJfLW731oJT\n+9RvjCSA3M593i+rEhXQWEZnHDt/wqhFwMvtHx+8bwnM8+2CLMEnvr1Z+MYGdv27\nBq25xlKQtHkcfzH6NqeYPjBeYrpXCuhNArVdEZZx1Cw4CLTECcArzwlLY85vpQQV\nqHyYXHD9JRS+BdphVy/AfcDV/wLAzskCggEBAOWTdVi7eh0OSWHbvyAtBCMBHrRj\n6w+6yfsAoNvAUXZs/aa/Vpx6xh+hAAQ9dc0Fy7pwvy6Ijy50Gerqb5m/G83ttYmE\nqutCiO+pb+bNN66OrIPGrKRzfNrJMUXljUc6q7BS/osEr3GEJCoV0lveVghwAjXa\n1fSz6VEAvdsyxaWqFRaS/1zXGT4PS5QoP8FKCZq3WemWb5gyXJn9P6EQF4OOzNtU\nyvBrSyCFlPDNYmkKpOFpPRJrWHdJp+OmVKf4hje8oA/hecvOU9LAxpFNV/BmEY+F\nEjsaxfWLrQsQZq0LGvQ5lDSt6PngC/oO7UBOjc9RoEM8/urH1nbDmJosGx8=\n-----END RSA PRIVATE KEY-----\n",
            "private_key_pem_pkcs8": "-----BEGIN PRIVATE KEY-----\nMIIJQgIBADANBgkqhkiG9w0BAQEFAASCCSwwggkoAgEAAoICAQDz2tVp8mS3yIQO\nQWC5ub/iQy1iYqP9wI8yp0MXsmUKe//96jH8pDzUBrxSvMQ8rohRJl8O/zMXQyLv\nNVzf5G9t2Y6CyvrUNvcATfWd1Gwf6jqmm6nFJ7n9qRgg+vtt02IYLr9rlgds7ioJ\nu2zMS2kJmTc5lWOhC4lmeDlQosuS1SyLNieO7aPSx2oRwVufjWAJpXUoek7YHyDe\nInfi6S2LCBmNFe8fkfxSNgYMftAZODPRL7ktRRy9zPn4BkI5om8vcqAMd8dP6Lr3\n/Vc0j5bM+EbMCkp0aYcAQvmNaBsKbR1iYQL/AD96L688oZQkYsNZeRo0JYxXMhn0\np1dvPyZg4RxA7sFBEoeMUEtXZDROJPghxbY7iohBpJi9hGzMzximaIlCZn2fYREi\nySlsomclPySAd3Gb5h3dEJzAvHnIahaR7sf7bqdQSd1YmxG61sw/5fJW1aF65hVC\n59IJBUKpd/foSXfoOovQ6HyQw244BS6NaIlyWNHFj78R4E/QV5Xz4c81xgdUHHsx\nJq5J7gs3hTiidP2Nipq7QU78815zPg8URQxCVRD1rgp+bMNmuO573fBA0vWnFdJe\nAIP02GdqLywaa4WntMQsHW5rCEl3M2HHZqXJWUOwCOA9GTn/HXKfggdoxL1OvMow\nFpmnyr3hz70hftnMrqj5wHQ/b+QZ8QIDAQABAoICABtPqw9OopEi2AdwsxCaCS+i\nLncSbSOCaYdWzGDfDgn6kVUy4Z5WFqn4hycNFT1mnsXX8lWPp303e7Ym19wLjZ9T\n+m4TpbwW29sg4B1pKSL57M+0J3N5W49ZXOZ0taw7PIVQ1weJqhM9KWAlqa3H1F/K\n1TCR1rK2xBDB7kllsj8juPVuf0e2vd5hjzOl4EkiYFs0OMbry+DQu7GlUqALVZp4\nscPnbPywMP5UJqFHoq7waH1JRwgW8X0gc+6fZNNnqeQ6hkpfL+d3PVmA+j9cxZr3\nQ5aeoHAhUYlp9uErg7vLNLtL+jXtJS7eIFY+EoVwukhPE+w7OFibt+R6yYQgIoAH\nPHD2Pfqr77Ztzmjdeg/N6VAFv9ihPxUwH36vhyn7VQsIgw3L3wKCYWbZxqFLTxKN\nlNW2U3mj9dyjZHkku3iNlY9cHOgGmefQBEKA/9eEMtgDabHkp645OPqGAekhEeR5\n50rJBk/XjcJb7PxI18xYhXQB9wYoWHkDYjv2HdtABMpbMkdXkMGPpZQ6+PUcLFJr\n0RPi4CVyqOYnK2kXUH7yWOeiatpJeW4UI47+S48quCMk3oHBgTHPrytCwMdyNZPF\nXIakF6J2UN81rmtp78QioGtlymkG/Lu6Xc2FYSOsftZNriUrTyq0RLYKlQQSsk1d\nS7XNcbME8Z7S6GUp8KFBAoIBAQD+ZL5NqnrD3/UiZiGdl7HnorgDlVec/MQbWyxG\n70bm4M03rBIJGPxflSvncpxYR4v7s9PYcp0XOgPdhe86OIs+VDeIzjmY94qOdcxj\n1JwtfX5QW9gac6RbQTQ4EtOc8iOVTABkG699X2XWUXrGliPzoeGL1aEo8Okg+Bpb\nK9G2g9ZlX+9CCBdcHOMcl57/WlYDYxiYNeFwEc5AY3pUkWhpKw25V6MBTWexVNqJ\n1V9HVTieHSnU8I3pwZi0Z3CVXsWND+rB5HQxrEZdAg6BbGQA60q+gjWmImW4UZlh\n5RRBEN6ohFtI3tKvzdkGfXuS7z4MOlXpYa5A6S3oSktyJO3lAoIBAQD1ZQ2gbag+\n8kkAPxm9BeU0OgB2GbE/cm7qULjBZt6wB6KWohiL0lkEasMDSMXl8VsorPeRJKoB\njKJUHTeWdljlgx9T1IDXJ2Mr2L3WVlpeuivP1+Ekl+eH7S2NsQI+N38yMzTBMGKq\nkBnRUbkCs1iOfL+xWUVrot8WoijBNLAoz+eixxPy51eF8aGWHVx9FIorWw88NA9W\nKcB/ZoxuMj9T2X5Ev3rDqRA7/WDbcl9lES0IPgCH5FZi28s6q9sScuFbXlBJSest\nmOP9DZikm5KgGRWfJbX4Z6XdRNfIHpyJ+9BRMgmql9KQ+2wnTS/+qjnAIA3PhcZO\nVlXNB8VQRhsdAoIBAGLzpOJo8Z/HOX7L4z99hgHn1VPvf0jdORq6+BoPcLDVuH1z\nPQC061XynEVG23GrQtQBOuHykxA5zM8aDdfDrsXr1D4umVDa2NZZE8uxI56+Nafk\nUcbYPJISZtF44T8nIJguG+jUrApEVURsJSmhtRJLYYQW8L0QGF5uozHbdZNc7MQ5\n8MLqisuVoPG6OGpzJQnkPejW7H2/L070Yt0KQmbGDGyPniQfi7n6m5cJnCoPCBrY\nlTDy8QCAAXoK0kwHtSgNjO8mgdvgeu4qoqHNG4kP/N7lnyCkOJTdiJ//j0VP3owG\nD8vkgGdJ1qUjojGhRa1T8574E+PDz8uPOpGHs9ECggEAMo51Nj4hUYadH53gcZ8L\nT607dxln+QhcbY3f4oiNDHsmNh6DLBtUF6LfNogBrZQCEelAv/hrxhHxR58VWrxb\nKD3RcHXxbWJB/kCTK9tylt2INTPmwKFDJC/rGKwFKEhKvk7qaXrMeRNjHkrV8QZ+\nEi0FWUZpFPnjOEiEWPm/6UicEl8tbvfWglP71G+MJIDczn3eL6sSFdBYRmccO3/C\nqEXAy+0fH7xvCczz7YIswSe+vVn4xgZ2/bsGrbnGUpC0eRx/Mfo2p5g+MF5iulcK\n6E0CtV0RlnHULDgItMQJwCvPCUtjzm+lBBWofJhccP0lFL4F2mFXL8B9wNX/AsDO\nyQKCAQEA5ZN1WLt6HQ5JYdu/IC0EIwEetGPrD7rJ+wCg28BRdmz9pr9WnHrGH6EA\nBD11zQXLunC/LoiPLnQZ6upvmb8bze21iYSq60KI76lv5s03ro6sg8aspHN82skx\nReWNRzqrsFL+iwSvcYQkKhXSW95WCHACNdrV9LPpUQC92zLFpaoVFpL/XNcZPg9L\nlCg/wUoJmrdZ6ZZvmDJcmf0/oRAXg47M21TK8GtLIIWU8M1iaQqk4Wk9EmtYd0mn\n46ZUp/iGN7ygD+F5y85T0sDGkU1X8GYRj4USOxrF9YutCxBmrQsa9DmUNK3o+eAL\n+g7tQE6Nz1GgQzz+6sfWdsOYmiwbHw==\n-----END PRIVATE KEY-----\n",
            "public_key_fingerprint_md5": "bb:26:dd:be:df:2f:29:06:a0:96:38:c0:44:a3:bc:ff",
            "public_key_fingerprint_sha256": "SHA256:iqTIORWm6ZGYgGtP+pD3hmqacnsucxYBicGmt4v0ws0",
            "public_key_openssh": "ssh-rsa AAAAB3NzaC1yc2EAAAADAQABAAACAQDz2tVp8mS3yIQOQWC5ub/iQy1iYqP9wI8yp0MXsmUKe//96jH8pDzUBrxSvMQ8rohRJl8O/zMXQyLvNVzf5G9t2Y6CyvrUNvcATfWd1Gwf6jqmm6nFJ7n9qRgg+vtt02IYLr9rlgds7ioJu2zMS2kJmTc5lWOhC4lmeDlQosuS1SyLNieO7aPSx2oRwVufjWAJpXUoek7YHyDeInfi6S2LCBmNFe8fkfxSNgYMftAZODPRL7ktRRy9zPn4BkI5om8vcqAMd8dP6Lr3/Vc0j5bM+EbMCkp0aYcAQvmNaBsKbR1iYQL/AD96L688oZQkYsNZeRo0JYxXMhn0p1dvPyZg4RxA7sFBEoeMUEtXZDROJPghxbY7iohBpJi9hGzMzximaIlCZn2fYREiySlsomclPySAd3Gb5h3dEJzAvHnIahaR7sf7bqdQSd1YmxG61sw/5fJW1aF65hVC59IJBUKpd/foSXfoOovQ6HyQw244BS6NaIlyWNHFj78R4E/QV5Xz4c81xgdUHHsxJq5J7gs3hTiidP2Nipq7QU78815zPg8URQxCVRD1rgp+bMNmuO573fBA0vWnFdJeAIP02GdqLywaa4WntMQsHW5rCEl3M2HHZqXJWUOwCOA9GTn/HXKfggdoxL1OvMowFpmnyr3hz70hftnMrqj5wHQ/b+QZ8Q==\n",
            "public_key_pem": "-----BEGIN PUBLIC KEY-----\nMIICIjANBgkqhkiG9w0BAQEFAAOCAg8AMIICCgKCAgEA89rVafJkt8iEDkFgubm/\n4kMtYmKj/cCPMqdDF7JlCnv//eox/KQ81Aa8UrzEPK6IUSZfDv8zF0Mi7zVc3+Rv\nbdmOgsr61Db3AE31ndRsH+o6ppupxSe5/akYIPr7bdNiGC6/a5YHbO4qCbtszEtp\nCZk3OZVjoQuJZng5UKLLktUsizYnju2j0sdqEcFbn41gCaV1KHpO2B8g3iJ34ukt\niwgZjRXvH5H8UjYGDH7QGTgz0S+5LUUcvcz5+AZCOaJvL3KgDHfHT+i69/1XNI+W\nzPhGzApKdGmHAEL5jWgbCm0dYmEC/wA/ei+vPKGUJGLDWXkaNCWMVzIZ9KdXbz8m\nYOEcQO7BQRKHjFBLV2Q0TiT4IcW2O4qIQaSYvYRszM8YpmiJQmZ9n2ERIskpbKJn\nJT8kgHdxm+Yd3RCcwLx5yGoWke7H+26nUEndWJsRutbMP+XyVtWheuYVQufSCQVC\nqXf36El36DqL0Oh8kMNuOAUujWiJcljRxY+/EeBP0FeV8+HPNcYHVBx7MSauSe4L\nN4U4onT9jYqau0FO/PNecz4PFEUMQlUQ9a4KfmzDZrjue93wQNL1pxXSXgCD9Nhn\nai8sGmuFp7TELB1uawhJdzNhx2alyVlDsAjgPRk5/x1yn4IHaMS9TrzKMBaZp8q9\n4c+9IX7ZzK6o+cB0P2/kGfECAwEAAQ==\n-----END PUBLIC KEY-----\n",
            "rsa_bits": 4096
          },
          "sensitive_attributes": [
            [
              {
                "type": "get_attr",
                "value": "private_key_pem_pkcs8"
              }
            ],
            [
              {
                "type": "get_attr",
                "value": "private_key_openssh"
              }
            ],
            [
              {
                "type": "get_attr",
                "value": "private_key_pem"
              }
            ]
          ]
        }
      ]
    }
  ],
  "check_results": null
}
