{
  "version": 4,
  "terraform_version": "1.8.5",
  "serial": 188,
  "lineage": "7c3eb9ef-b191-0fb4-3801-913914afebc1",
  "outputs": {
    "dns_name": {
      "value": "tf-vm-wordpress.northeurope.cloudapp.azure.com",
      "type": "string"
    },
    "public_ip": {
      "value": "",
      "type": "string"
    },
    "resource_group_name": {
      "value": "TF-RG",
      "type": "string"
    }
  },
  "resources": [
    {
      "mode": "managed",
      "type": "azurerm_network_interface",
      "name": "terraform_nic",
      "provider": "provider[\"registry.terraform.io/hashicorp/azurerm\"]",
      "instances": [
        {
          "schema_version": 0,
          "attributes": {
            "applied_dns_servers": [],
            "auxiliary_mode": "",
            "auxiliary_sku": "",
            "dns_servers": [],
            "edge_zone": "",
            "enable_accelerated_networking": false,
            "enable_ip_forwarding": false,
            "id": "/subscriptions/545f15bc-89a7-4d92-8c7f-5e8bd37b3d0d/resourceGroups/TF-RG/providers/Microsoft.Network/networkInterfaces/tfNIC",
            "internal_dns_name_label": "",
            "internal_domain_name_suffix": "",
            "ip_configuration": [
              {
                "gateway_load_balancer_frontend_ip_configuration_id": "",
                "name": "tf_nic_configuration",
                "primary": true,
                "private_ip_address": "10.0.3.4",
                "private_ip_address_allocation": "Dynamic",
                "private_ip_address_version": "IPv4",
                "public_ip_address_id": "/subscriptions/545f15bc-89a7-4d92-8c7f-5e8bd37b3d0d/resourceGroups/TF-RG/providers/Microsoft.Network/publicIPAddresses/tfPublicIP",
                "subnet_id": "/subscriptions/545f15bc-89a7-4d92-8c7f-5e8bd37b3d0d/resourceGroups/TF-RG/providers/Microsoft.Network/virtualNetworks/tfVnet/subnets/tfSubnetPublic"
              }
            ],
            "location": "northeurope",
            "mac_address": "00-22-48-A3-42-E9",
            "name": "tfNIC",
            "private_ip_address": "10.0.3.4",
            "private_ip_addresses": [
              "10.0.3.4"
            ],
            "resource_group_name": "TF-RG",
            "tags": {},
            "timeouts": null,
            "virtual_machine_id": ""
          },
          "sensitive_attributes": [],
          "private": "eyJlMmJmYjczMC1lY2FhLTExZTYtOGY4OC0zNDM2M2JjN2M0YzAiOnsiY3JlYXRlIjoxODAwMDAwMDAwMDAwLCJkZWxldGUiOjE4MDAwMDAwMDAwMDAsInJlYWQiOjMwMDAwMDAwMDAwMCwidXBkYXRlIjoxODAwMDAwMDAwMDAwfX0=",
          "dependencies": [
            "azurerm_public_ip.terraform_public_ip",
            "azurerm_resource_group.rg",
            "azurerm_subnet.terraform_public_subnet",
            "azurerm_virtual_network.terraform_vnet"
          ]
        }
      ]
    },
    {
      "mode": "managed",
      "type": "azurerm_network_interface_security_group_association",
      "name": "vm_nsg_assoc",
      "provider": "provider[\"registry.terraform.io/hashicorp/azurerm\"]",
      "instances": [
        {
          "schema_version": 0,
          "attributes": {
            "id": "/subscriptions/545f15bc-89a7-4d92-8c7f-5e8bd37b3d0d/resourceGroups/TF-RG/providers/Microsoft.Network/networkInterfaces/tfNIC|/subscriptions/545f15bc-89a7-4d92-8c7f-5e8bd37b3d0d/resourceGroups/TF-RG/providers/Microsoft.Network/networkSecurityGroups/tfNetworkSecurityGroup",
            "network_interface_id": "/subscriptions/545f15bc-89a7-4d92-8c7f-5e8bd37b3d0d/resourceGroups/TF-RG/providers/Microsoft.Network/networkInterfaces/tfNIC",
            "network_security_group_id": "/subscriptions/545f15bc-89a7-4d92-8c7f-5e8bd37b3d0d/resourceGroups/TF-RG/providers/Microsoft.Network/networkSecurityGroups/tfNetworkSecurityGroup",
            "timeouts": null
          },
          "sensitive_attributes": [],
          "private": "eyJlMmJmYjczMC1lY2FhLTExZTYtOGY4OC0zNDM2M2JjN2M0YzAiOnsiY3JlYXRlIjoxODAwMDAwMDAwMDAwLCJkZWxldGUiOjE4MDAwMDAwMDAwMDAsInJlYWQiOjMwMDAwMDAwMDAwMH19",
          "dependencies": [
            "azurerm_network_interface.terraform_nic",
            "azurerm_network_security_group.terraform_nsg",
            "azurerm_public_ip.terraform_public_ip",
            "azurerm_resource_group.rg",
            "azurerm_subnet.terraform_public_subnet",
            "azurerm_virtual_network.terraform_vnet"
          ]
        }
      ]
    },
    {
      "mode": "managed",
      "type": "azurerm_network_security_group",
      "name": "terraform_nsg",
      "provider": "provider[\"registry.terraform.io/hashicorp/azurerm\"]",
      "instances": [
        {
          "schema_version": 0,
          "attributes": {
            "id": "/subscriptions/545f15bc-89a7-4d92-8c7f-5e8bd37b3d0d/resourceGroups/TF-RG/providers/Microsoft.Network/networkSecurityGroups/tfNetworkSecurityGroup",
            "location": "northeurope",
            "name": "tfNetworkSecurityGroup",
            "resource_group_name": "TF-RG",
            "security_rule": [
              {
                "access": "Allow",
                "description": "",
                "destination_address_prefix": "*",
                "destination_address_prefixes": [],
                "destination_application_security_group_ids": [],
                "destination_port_range": "22",
                "destination_port_ranges": [],
                "direction": "Inbound",
                "name": "SSH",
                "priority": 100,
                "protocol": "Tcp",
                "source_address_prefix": "*",
                "source_address_prefixes": [],
                "source_application_security_group_ids": [],
                "source_port_range": "*",
                "source_port_ranges": []
              },
              {
                "access": "Allow",
                "description": "",
                "destination_address_prefix": "10.0.3.0/24",
                "destination_address_prefixes": [],
                "destination_application_security_group_ids": [],
                "destination_port_range": "80",
                "destination_port_ranges": [],
                "direction": "Inbound",
                "name": "AllowInternetTraffic",
                "priority": 101,
                "protocol": "Tcp",
                "source_address_prefix": "*",
                "source_address_prefixes": [],
                "source_application_security_group_ids": [],
                "source_port_range": "*",
                "source_port_ranges": []
              },
              {
                "access": "Allow",
                "description": "",
                "destination_address_prefix": "10.0.5.0/24",
                "destination_address_prefixes": [],
                "destination_application_security_group_ids": [],
                "destination_port_range": "3306",
                "destination_port_ranges": [],
                "direction": "Inbound",
                "name": "AllowMySQLAccess",
                "priority": 102,
                "protocol": "Tcp",
                "source_address_prefix": "10.0.3.0/24",
                "source_address_prefixes": [],
                "source_application_security_group_ids": [],
                "source_port_range": "*",
                "source_port_ranges": []
              }
            ],
            "tags": {},
            "timeouts": null
          },
          "sensitive_attributes": [],
          "private": "eyJlMmJmYjczMC1lY2FhLTExZTYtOGY4OC0zNDM2M2JjN2M0YzAiOnsiY3JlYXRlIjoxODAwMDAwMDAwMDAwLCJkZWxldGUiOjE4MDAwMDAwMDAwMDAsInJlYWQiOjMwMDAwMDAwMDAwMCwidXBkYXRlIjoxODAwMDAwMDAwMDAwfX0=",
          "dependencies": [
            "azurerm_resource_group.rg"
          ]
        }
      ]
    },
    {
      "mode": "managed",
      "type": "azurerm_public_ip",
      "name": "terraform_public_ip",
      "provider": "provider[\"registry.terraform.io/hashicorp/azurerm\"]",
      "instances": [
        {
          "schema_version": 0,
          "attributes": {
            "allocation_method": "Dynamic",
            "ddos_protection_mode": "VirtualNetworkInherited",
            "ddos_protection_plan_id": null,
            "domain_name_label": "tf-vm-wordpress",
            "edge_zone": "",
            "fqdn": "tf-vm-wordpress.northeurope.cloudapp.azure.com",
            "id": "/subscriptions/545f15bc-89a7-4d92-8c7f-5e8bd37b3d0d/resourceGroups/TF-RG/providers/Microsoft.Network/publicIPAddresses/tfPublicIP",
            "idle_timeout_in_minutes": 4,
            "ip_address": "",
            "ip_tags": {},
            "ip_version": "IPv4",
            "location": "northeurope",
            "name": "tfPublicIP",
            "public_ip_prefix_id": null,
            "resource_group_name": "TF-RG",
            "reverse_fqdn": "",
            "sku": "Basic",
            "sku_tier": "Regional",
            "tags": {},
            "timeouts": null,
            "zones": []
          },
          "sensitive_attributes": [],
          "private": "eyJlMmJmYjczMC1lY2FhLTExZTYtOGY4OC0zNDM2M2JjN2M0YzAiOnsiY3JlYXRlIjoxODAwMDAwMDAwMDAwLCJkZWxldGUiOjE4MDAwMDAwMDAwMDAsInJlYWQiOjMwMDAwMDAwMDAwMCwidXBkYXRlIjoxODAwMDAwMDAwMDAwfX0=",
          "dependencies": [
            "azurerm_resource_group.rg"
          ]
        }
      ]
    },
    {
      "mode": "managed",
      "type": "azurerm_resource_group",
      "name": "rg",
      "provider": "provider[\"registry.terraform.io/hashicorp/azurerm\"]",
      "instances": [
        {
          "schema_version": 0,
          "attributes": {
            "id": "/subscriptions/545f15bc-89a7-4d92-8c7f-5e8bd37b3d0d/resourceGroups/TF-RG",
            "location": "northeurope",
            "managed_by": "",
            "name": "TF-RG",
            "tags": {},
            "timeouts": null
          },
          "sensitive_attributes": [],
          "private": "eyJlMmJmYjczMC1lY2FhLTExZTYtOGY4OC0zNDM2M2JjN2M0YzAiOnsiY3JlYXRlIjo1NDAwMDAwMDAwMDAwLCJkZWxldGUiOjU0MDAwMDAwMDAwMDAsInJlYWQiOjMwMDAwMDAwMDAwMCwidXBkYXRlIjo1NDAwMDAwMDAwMDAwfX0="
        }
      ]
    },
    {
      "mode": "managed",
      "type": "azurerm_subnet",
      "name": "terraform_public_subnet",
      "provider": "provider[\"registry.terraform.io/hashicorp/azurerm\"]",
      "instances": [
        {
          "schema_version": 0,
          "attributes": {
            "address_prefixes": [
              "10.0.3.0/24"
            ],
            "default_outbound_access_enabled": true,
            "delegation": [],
            "enforce_private_link_endpoint_network_policies": false,
            "enforce_private_link_service_network_policies": false,
            "id": "/subscriptions/545f15bc-89a7-4d92-8c7f-5e8bd37b3d0d/resourceGroups/TF-RG/providers/Microsoft.Network/virtualNetworks/tfVnet/subnets/tfSubnetPublic",
            "name": "tfSubnetPublic",
            "private_endpoint_network_policies": "Enabled",
            "private_endpoint_network_policies_enabled": true,
            "private_link_service_network_policies_enabled": true,
            "resource_group_name": "TF-RG",
            "service_endpoint_policy_ids": [],
            "service_endpoints": [],
            "timeouts": null,
            "virtual_network_name": "tfVnet"
          },
          "sensitive_attributes": [],
          "private": "eyJlMmJmYjczMC1lY2FhLTExZTYtOGY4OC0zNDM2M2JjN2M0YzAiOnsiY3JlYXRlIjoxODAwMDAwMDAwMDAwLCJkZWxldGUiOjE4MDAwMDAwMDAwMDAsInJlYWQiOjMwMDAwMDAwMDAwMCwidXBkYXRlIjoxODAwMDAwMDAwMDAwfX0=",
          "dependencies": [
            "azurerm_resource_group.rg",
            "azurerm_virtual_network.terraform_vnet"
          ]
        }
      ]
    },
    {
      "mode": "managed",
      "type": "azurerm_virtual_network",
      "name": "terraform_vnet",
      "provider": "provider[\"registry.terraform.io/hashicorp/azurerm\"]",
      "instances": [
        {
          "schema_version": 0,
          "attributes": {
            "address_space": [
              "10.0.0.0/16"
            ],
            "bgp_community": "",
            "ddos_protection_plan": [],
            "dns_servers": [],
            "edge_zone": "",
            "encryption": [],
            "flow_timeout_in_minutes": 0,
            "guid": "14b72f84-2b54-4833-8bb9-00d5c85135c5",
            "id": "/subscriptions/545f15bc-89a7-4d92-8c7f-5e8bd37b3d0d/resourceGroups/TF-RG/providers/Microsoft.Network/virtualNetworks/tfVnet",
            "location": "northeurope",
            "name": "tfVnet",
            "resource_group_name": "TF-RG",
            "subnet": [
              {
                "address_prefix": "10.0.3.0/24",
                "id": "/subscriptions/545f15bc-89a7-4d92-8c7f-5e8bd37b3d0d/resourceGroups/TF-RG/providers/Microsoft.Network/virtualNetworks/tfVnet/subnets/tfSubnetPublic",
                "name": "tfSubnetPublic",
                "security_group": ""
              }
            ],
            "tags": {},
            "timeouts": null
          },
          "sensitive_attributes": [],
          "private": "eyJlMmJmYjczMC1lY2FhLTExZTYtOGY4OC0zNDM2M2JjN2M0YzAiOnsiY3JlYXRlIjoxODAwMDAwMDAwMDAwLCJkZWxldGUiOjE4MDAwMDAwMDAwMDAsInJlYWQiOjMwMDAwMDAwMDAwMCwidXBkYXRlIjoxODAwMDAwMDAwMDAwfX0=",
          "dependencies": [
            "azurerm_resource_group.rg"
          ]
        }
      ]
    }
  ],
  "check_results": null
}
